
Microsoft Visual Studio Solution File, Format Version 12.00
# Visual Studio 15
VisualStudioVersion = 15.0.27703.2035
MinimumVisualStudioVersion = 10.0.40219.1
Project("{2150E333-8FDC-42A3-9474-1A3956D46DE8}") = "01算法速成系列", "01算法速成系列", "{21C58525-54E4-4590-8CD0-847A1DB0B923}"
EndProject
Project("{2150E333-8FDC-42A3-9474-1A3956D46DE8}") = "02树结构专题", "02树结构专题", "{56F7F601-D4BA-4802-A755-39DC3D603C06}"
EndProject
Project("{2150E333-8FDC-42A3-9474-1A3956D46DE8}") = "03算法洗脑系列", "03算法洗脑系列", "{7EF573E1-94A9-4D63-942C-6A34D998183B}"
EndProject
Project("{2150E333-8FDC-42A3-9474-1A3956D46DE8}") = "04经典算法系列", "04经典算法系列", "{5BAE8AB4-2FF9-44E9-B772-B9BBAB7392F7}"
EndProject
Project("{FAE04EC0-301F-11D3-BF4B-00C04F79EFBC}") = "01第一天 七大经典排序【上】", "01算法速成系列\01第一天 七大经典排序【上】\01第一天 七大经典排序【上】.csproj", "{3898280E-4141-46A0-A2B1-A362DFF64E23}"
EndProject
Project("{FAE04EC0-301F-11D3-BF4B-00C04F79EFBC}") = "01第一天 二叉查找树", "02树结构专题\01第一天 二叉查找树\01第一天 二叉查找树.csproj", "{5740C914-FFA1-47D2-8AC7-DB816F0D27C6}"
EndProject
Project("{FAE04EC0-301F-11D3-BF4B-00C04F79EFBC}") = "01第一篇 递推思想", "03算法洗脑系列\01第一篇 递推思想\01第一篇 递推思想.csproj", "{D2B0A741-6FBF-4761-B3E9-990C33710EC7}"
EndProject
Project("{FAE04EC0-301F-11D3-BF4B-00C04F79EFBC}") = "01第一题 百钱买百鸡", "04经典算法系列\01第一题 百钱买百鸡\01第一题 百钱买百鸡.csproj", "{1663F009-73AA-4B9F-8CD7-68597AA0B04B}"
EndProject
Project("{2150E333-8FDC-42A3-9474-1A3956D46DE8}") = "入门篇", "入门篇", "{891DC9F0-06EA-4D8F-A3C2-CF1F01A9874F}"
EndProject
Project("{2150E333-8FDC-42A3-9474-1A3956D46DE8}") = "基础篇", "基础篇", "{6CACC481-4884-41B0-9076-8CE9B986EA40}"
EndProject
Project("{2150E333-8FDC-42A3-9474-1A3956D46DE8}") = "实战篇", "实战篇", "{B6471896-646E-4E11-97FE-5917AB06547F}"
EndProject
Project("{FAE04EC0-301F-11D3-BF4B-00C04F79EFBC}") = "01作为一名软件工程师，为什么要学习数据结构和算法？", "入门篇\01作为一名软件工程师，为什么要学习数据结构和算法\01作为一名软件工程师，为什么要学习数据结构和算法？.csproj", "{2060E5AD-25DB-475C-BD23-1CEB49A52960}"
EndProject
Project("{FAE04EC0-301F-11D3-BF4B-00C04F79EFBC}") = "02如何抓住重点，系统高效地学习数据结构和 算法？", "入门篇\02如何抓住重点，系统高效地学习数据结构和算法\02如何抓住重点，系统高效地学习数据结构和 算法？.csproj", "{893F6FB5-3B3B-4BF6-93D4-130A6CED4A06}"
EndProject
Project("{FAE04EC0-301F-11D3-BF4B-00C04F79EFBC}") = "03复杂度分析（上）：如何分析算法的执行效率和资源消耗？", "入门篇\03复杂度分析（上）：如何分析算法的执行效率和资源消耗？\03复杂度分析（上）：如何分析算法的执行效率和资源消耗？.csproj", "{8A27BAE4-DC8A-43EE-A27F-45BC15CF64FE}"
EndProject
Project("{FAE04EC0-301F-11D3-BF4B-00C04F79EFBC}") = "04复杂度分析（下）：详解最好、最坏、平均、均摊复杂度分析", "入门篇\04复杂度分析（下）：详解最好、最坏、平均、均摊复杂度分析\04复杂度分析（下）：详解最好、最坏、平均、均摊复杂度分析.csproj", "{42A1C0B1-C0F4-4669-87FE-CFFA8F54D906}"
EndProject
Project("{FAE04EC0-301F-11D3-BF4B-00C04F79EFBC}") = "05数组：为什么大多数编程语言中数组要从0开始编号？", "基础篇\05数组：为什么大多数编程语言中数组要从0开始编号？\05数组：为什么大多数编程语言中数组要从0开始编号？.csproj", "{01036468-6F44-4E5E-8F91-9432B325A88D}"
EndProject
Project("{FAE04EC0-301F-11D3-BF4B-00C04F79EFBC}") = "06链表（上）：如何实现LRU缓存淘汰算法？", "基础篇\06链表（上）：如何实现LRU缓存淘汰算法？\06链表（上）：如何实现LRU缓存淘汰算法？.csproj", "{34B4F08F-AA64-4522-B9D0-7E32D9EF6590}"
EndProject
Project("{FAE04EC0-301F-11D3-BF4B-00C04F79EFBC}") = "07链表（下）：如何轻松写出正确的链表代码？", "基础篇\07链表（下）：如何轻松写出正确的链表代码？\07链表（下）：如何轻松写出正确的链表代码？.csproj", "{4D0C4852-CB84-451F-A25A-538CC24416C6}"
EndProject
Project("{FAE04EC0-301F-11D3-BF4B-00C04F79EFBC}") = "08栈：如何实现浏览器的前进和后退功能？", "基础篇\07栈：如何实现浏览器的前进和后退功能？\08栈：如何实现浏览器的前进和后退功能？.csproj", "{2FDBF186-C565-44EF-8BF0-1F0C603F918E}"
EndProject
Project("{FAE04EC0-301F-11D3-BF4B-00C04F79EFBC}") = "09队列：如何实现线程池等有限资源池的请求排队功能？", "基础篇\09队列：如何实现线程池等有限资源池的请求排队功能？\09队列：如何实现线程池等有限资源池的请求排队功能？.csproj", "{30114B97-0F65-4D55-B215-A274CE2E602F}"
EndProject
Project("{FAE04EC0-301F-11D3-BF4B-00C04F79EFBC}") = "10递归：如何用三行代码实现查找“最终推荐人”功能？", "基础篇\10递归：如何用三行代码实现查找“最终推荐人”功能？\10递归：如何用三行代码实现查找“最终推荐人”功能？.csproj", "{B217272F-EF71-4D56-8957-393E66F742F9}"
EndProject
Project("{FAE04EC0-301F-11D3-BF4B-00C04F79EFBC}") = "11排序：如何用快排思想O（n）时间复杂度查找第Kth元素？", "基础篇\11排序：如何用快排思想O（n）时间复杂度查找第Kth元素？\11排序：如何用快排思想O（n）时间复杂度查找第Kth元素？.csproj", "{A36A9D80-D286-4F84-A2C1-6319B038EADC}"
EndProject
Project("{FAE04EC0-301F-11D3-BF4B-00C04F79EFBC}") = "12线性排序：如何根据年龄给100万用户数据排序？", "基础篇\12线性排序：如何根据年龄给100万用户数据排序？\12线性排序：如何根据年龄给100万用户数据排序？.csproj", "{2446224F-5DC9-4C67-9780-97F20596EB62}"
EndProject
Project("{FAE04EC0-301F-11D3-BF4B-00C04F79EFBC}") = "13排序优化：如何实现一个通用的高性能的排序函数？", "基础篇\13排序优化：如何实现一个通用的高性能的排序函数？\13排序优化：如何实现一个通用的高性能的排序函数？.csproj", "{866D174A-0EBE-41A5-BF30-9EA0A9D5B9B4}"
EndProject
Project("{FAE04EC0-301F-11D3-BF4B-00C04F79EFBC}") = "14二分查找：如何快速定位IP对应的省份地址？", "基础篇\14二分查找：如何快速定位IP对应的省份地址？\14二分查找：如何快速定位IP对应的省份地址？.csproj", "{A53253B4-82F6-42AD-902F-38C028BBFCB9}"
EndProject
Project("{FAE04EC0-301F-11D3-BF4B-00C04F79EFBC}") = "15跳表：为什么Redis一定要用跳表实现有序集合？", "基础篇\15跳表：为什么Redis一定要用跳表实现有序集合？\15跳表：为什么Redis一定要用跳表实现有序集合？.csproj", "{C6266626-6DF2-4B76-AEA1-922D1AB55C71}"
EndProject
Project("{FAE04EC0-301F-11D3-BF4B-00C04F79EFBC}") = "16散列表（上）：如何实现Word文档的单词拼写检查功能？", "基础篇\16散列表（上）：如何实现Word文档的单词拼写检查功能？\16散列表（上）：如何实现Word文档的单词拼写检查功能？.csproj", "{D8F8D13B-99D2-4AA5-AD67-05CF38DC3C5E}"
EndProject
Project("{FAE04EC0-301F-11D3-BF4B-00C04F79EFBC}") = "17散列表（下）：如何打造一个工业级水平的散列表？", "基础篇\17散列表（下）：如何打造一个工业级水平的散列表？\17散列表（下）：如何打造一个工业级水平的散列表？.csproj", "{F68E8D0B-5FEE-4666-8142-3D26B99C9EB4}"
EndProject
Project("{FAE04EC0-301F-11D3-BF4B-00C04F79EFBC}") = "18哈希算法：如何防止数据库中的用户信息被脱库？", "基础篇\18哈希算法：如何防止数据库中的用户信息被脱库？\18哈希算法：如何防止数据库中的用户信息被脱库？.csproj", "{7D59145A-125A-470D-9AFD-94344E50658C}"
EndProject
Project("{FAE04EC0-301F-11D3-BF4B-00C04F79EFBC}") = "19二叉树：有了如此高效的散列表为什么还要用二叉树？", "基础篇\19二叉树：有了如此高效的散列表为什么还要用二叉树？\19二叉树：有了如此高效的散列表为什么还要用二叉树？.csproj", "{E0F7E8CB-3D7E-41D1-AF0F-26B9F6C19EC9}"
EndProject
Project("{FAE04EC0-301F-11D3-BF4B-00C04F79EFBC}") = "20堆与优先级队列：如何查找TOP10热门搜索关键词？", "基础篇\20堆与优先级队列：如何查找TOP10热门搜索关键词？\20堆与优先级队列：如何查找TOP10热门搜索关键词？.csproj", "{862DED5F-EF02-4790-9090-0A45261B18F7}"
EndProject
Project("{FAE04EC0-301F-11D3-BF4B-00C04F79EFBC}") = "21图的表示：如何存储微博、微信等社交网络中的好友关系？", "基础篇\21图的表示：如何存储微博、微信等社交网络中的好友关系？\21图的表示：如何存储微博、微信等社交网络中的好友关系？.csproj", "{7CD34E1A-2413-481A-9436-B2C24B71D0A5}"
EndProject
Project("{FAE04EC0-301F-11D3-BF4B-00C04F79EFBC}") = "22数据结构序列化：如何在数据库中存储一颗多级目录树？", "基础篇\22数据结构序列化：如何在数据库中存储一颗多级目录树？\22数据结构序列化：如何在数据库中存储一颗多级目录树？.csproj", "{7305CB35-C968-43C3-974A-FBA9D27018D7}"
EndProject
Project("{FAE04EC0-301F-11D3-BF4B-00C04F79EFBC}") = "23深度与广度优先搜索：如何找出社交网络中的三度好友关系？", "基础篇\23深度与广度优先搜索：如何找出社交网络中的三度好友关系？\23深度与广度优先搜索：如何找出社交网络中的三度好友关系？.csproj", "{AEA71ED3-1268-4EC9-AF85-FAB9764328AF}"
EndProject
Project("{FAE04EC0-301F-11D3-BF4B-00C04F79EFBC}") = "24字符串匹配：如何用多模式串匹配实现敏感词过滤功能？", "基础篇\24字符串匹配：如何用多模式串匹配实现敏感词过滤功能？\24字符串匹配：如何用多模式串匹配实现敏感词过滤功能？.csproj", "{88B8D793-B20C-4175-96CA-4839867EC547}"
EndProject
Project("{FAE04EC0-301F-11D3-BF4B-00C04F79EFBC}") = "25Trie树：如何实现搜索引擎的搜索关键词提示功能？", "基础篇\25Trie树：如何实现搜索引擎的搜索关键词提示功能？\25Trie树：如何实现搜索引擎的搜索关键词提示功能？.csproj", "{F38206D7-2B05-4DBC-8C91-D99E9D30CEEB}"
EndProject
Project("{FAE04EC0-301F-11D3-BF4B-00C04F79EFBC}") = "26贪心算法：如何用贪心算法实现Huffman压缩编码？", "基础篇\26贪心算法：如何用贪心算法实现Huffman压缩编码？\26贪心算法：如何用贪心算法实现Huffman压缩编码？.csproj", "{F13112AA-B0B8-4BD4-81A7-3F07DECFA139}"
EndProject
Project("{FAE04EC0-301F-11D3-BF4B-00C04F79EFBC}") = "27分治算法：谈一谈大规模计算框架MapReduce中的分治思想", "基础篇\27分治算法：谈一谈大规模计算框架MapReduce中的分治思想\27分治算法：谈一谈大规模计算框架MapReduce中的分治思想.csproj", "{EEB2DE9A-A7DA-45F2-9FE7-9D94EBA2D44F}"
EndProject
Project("{FAE04EC0-301F-11D3-BF4B-00C04F79EFBC}") = "29动态规划（上）：如何巧妙解决“双十一”购物时的凑单功能？", "基础篇\29动态规划（上）：如何巧妙解决“双十一”购物时的凑单功能？\29动态规划（上）：如何巧妙解决“双十一”购物时的凑单功能？.csproj", "{D357B1A2-17AB-4804-B68F-D6A6E4C8D2B0}"
EndProject
Project("{FAE04EC0-301F-11D3-BF4B-00C04F79EFBC}") = "28回溯算法：从电影《蝴蝶效应》中学习回溯算法的核心思想", "基础篇\28回溯算法：从电影《蝴蝶效应》中学习回溯算法的核心思想\28回溯算法：从电影《蝴蝶效应》中学习回溯算法的核心思想.csproj", "{AB8EFCB5-EDDB-4AA8-A080-3304BFCE92EB}"
EndProject
Project("{FAE04EC0-301F-11D3-BF4B-00C04F79EFBC}") = "30动态规划（下）：如何将DP状态转移方程转化为DP代码？", "基础篇\30动态规划（下）：如何将DP状态转移方程转化为DP代码？\30动态规划（下）：如何将DP状态转移方程转化为DP代码？.csproj", "{DDE25EE7-2C68-4F11-884D-6FEE9AFADA81}"
EndProject
Project("{2150E333-8FDC-42A3-9474-1A3956D46DE8}") = "高级篇", "高级篇", "{A315193B-AFFC-46B6-B262-02E84D6DFA7E}"
EndProject
Project("{FAE04EC0-301F-11D3-BF4B-00C04F79EFBC}") = "31拓扑排序：如何确定代码源文件的编译依赖关系？", "高级篇\31拓扑排序：如何确定代码源文件的编译依赖关系？\31拓扑排序：如何确定代码源文件的编译依赖关系？.csproj", "{E2661DE8-15CF-4D7D-B0BA-2C2C3BB66D8E}"
EndProject
Project("{FAE04EC0-301F-11D3-BF4B-00C04F79EFBC}") = "32最短路径：地图软件是如何计算出最优出行路径的？", "高级篇\32最短路径：地图软件是如何计算出最优出行路径的？\32最短路径：地图软件是如何计算出最优出行路径的？.csproj", "{9E096E79-F8BD-46BA-A5AE-1526E5AB90C9}"
EndProject
Project("{FAE04EC0-301F-11D3-BF4B-00C04F79EFBC}") = "33概率分析：编程语言中提供的随机函数真的是随机吗？", "高级篇\33概率分析：编程语言中提供的随机函数真的是随机吗？\33概率分析：编程语言中提供的随机函数真的是随机吗？.csproj", "{A3EFF10E-BDC8-432F-B8D7-373EBB0F1B98}"
EndProject
Project("{FAE04EC0-301F-11D3-BF4B-00C04F79EFBC}") = "35向量空间：如何实现一个简单的音乐推荐系统？", "高级篇\35向量空间：如何实现一个简单的音乐推荐系统？\35向量空间：如何实现一个简单的音乐推荐系统？.csproj", "{FA410C35-7637-4CFE-97D9-925CB9843EF6}"
EndProject
Project("{FAE04EC0-301F-11D3-BF4B-00C04F79EFBC}") = "36位图：如何实现网页爬出中的URL去重功能？", "高级篇\36位图：如何实现网页爬出中的URL去重功能？\36位图：如何实现网页爬出中的URL去重功能？.csproj", "{F7F2687D-3852-4BB5-9A6D-5E89DB152B6F}"
EndProject
Project("{FAE04EC0-301F-11D3-BF4B-00C04F79EFBC}") = "37B+树：MySQL数据库索引是如何实现的？", "高级篇\37B+树：MySQL数据库索引是如何实现的？\37B+树：MySQL数据库索引是如何实现的？.csproj", "{6C307F8A-F332-4655-929B-461335CCA4FC}"
EndProject
Project("{FAE04EC0-301F-11D3-BF4B-00C04F79EFBC}") = "38搜索进阶：如何用A搜索算法实现游戏中的寻路功能？", "高级篇\38搜索进阶：如何用A搜索算法实现游戏中的寻路功能？\38搜索进阶：如何用A搜索算法实现游戏中的寻路功能？.csproj", "{439BB11D-3A2E-4CA8-B4D9-92DC07D65277}"
EndProject
Project("{FAE04EC0-301F-11D3-BF4B-00C04F79EFBC}") = "39索引算法：如何在海量数据中快速查找某个数据？", "高级篇\39索引算法：如何在海量数据中快速查找某个数据？\39索引算法：如何在海量数据中快速查找某个数据？.csproj", "{6B5344EC-B9B8-4B61-B8CA-0FE3DA793B95}"
EndProject
Project("{FAE04EC0-301F-11D3-BF4B-00C04F79EFBC}") = "40并行算法：如何利用并行处理提高算法的执行效率？", "高级篇\40并行算法：如何利用并行处理提高算法的执行效率？\40并行算法：如何利用并行处理提高算法的执行效率？.csproj", "{5B2CBD6C-03CC-4608-A870-C38B77DC33D1}"
EndProject
Project("{FAE04EC0-301F-11D3-BF4B-00C04F79EFBC}") = "34统计问题：如何利用朴素贝叶斯算法过滤垃圾短信？", "高级篇\34统计问题：如何利用朴素贝叶斯算法过滤垃圾短信？\34统计问题：如何利用朴素贝叶斯算法过滤垃圾短信？.csproj", "{95E0FD3D-324C-4F39-AD6C-823B6C1A553B}"
EndProject
Project("{FAE04EC0-301F-11D3-BF4B-00C04F79EFBC}") = "41算法实战（一）：剖析Redis常用的数据类型对应的数据结构", "实战篇\41算法实战（一）：剖析Redis常用的数据类型对应的数据结构\41算法实战（一）：剖析Redis常用的数据类型对应的数据结构.csproj", "{DFDB5F0A-96E1-4EF6-869B-8E9522D60DE1}"
EndProject
Project("{FAE04EC0-301F-11D3-BF4B-00C04F79EFBC}") = "42算法实战（二）：剖析搜索引擎背后的经典数据结构和算法", "实战篇\42：算法实战（二）：剖析搜索引擎背后的经典数据结构和算法\42算法实战（二）：剖析搜索引擎背后的经典数据结构和算法.csproj", "{16EF69E4-60CE-42D8-88AE-217060289E92}"
EndProject
Project("{FAE04EC0-301F-11D3-BF4B-00C04F79EFBC}") = "43算法实战（三）：剖析高性能队列Disruptor背后的数据结构和算法", "实战篇\算法实战（三）：剖析高性能队列Disruptor背后的数据结构和算法\43算法实战（三）：剖析高性能队列Disruptor背后的数据结构和算法.csproj", "{EFAC47E5-160D-4A1B-A09B-F5F96756513D}"
EndProject
Project("{FAE04EC0-301F-11D3-BF4B-00C04F79EFBC}") = "44算法实战（四）：剖析微服务接口鉴权限流背后的数据结构和算法", "实战篇\44算法实战（四)：剖析微服务接口鉴权限流背后的数据结构和算法\44算法实战（四）：剖析微服务接口鉴权限流背后的数据结构和算法.csproj", "{7ACC777B-021D-45E5-9608-05C4BBDD0272}"
EndProject
Project("{FAE04EC0-301F-11D3-BF4B-00C04F79EFBC}") = "45算法实战（五）：如何用学过的数据结构和算法实现一个短网址系统？", "实战篇\45算法实战（五）：如何用学过的数据结构和算法实现一个短网址系统？\45算法实战（五）：如何用学过的数据结构和算法实现一个短网址系统？.csproj", "{CB587497-4748-4026-BEA3-7C479219FE74}"
EndProject
Global
	GlobalSection(SolutionConfigurationPlatforms) = preSolution
		Debug|Any CPU = Debug|Any CPU
		Release|Any CPU = Release|Any CPU
	EndGlobalSection
	GlobalSection(ProjectConfigurationPlatforms) = postSolution
		{3898280E-4141-46A0-A2B1-A362DFF64E23}.Debug|Any CPU.ActiveCfg = Debug|Any CPU
		{3898280E-4141-46A0-A2B1-A362DFF64E23}.Debug|Any CPU.Build.0 = Debug|Any CPU
		{3898280E-4141-46A0-A2B1-A362DFF64E23}.Release|Any CPU.ActiveCfg = Release|Any CPU
		{3898280E-4141-46A0-A2B1-A362DFF64E23}.Release|Any CPU.Build.0 = Release|Any CPU
		{5740C914-FFA1-47D2-8AC7-DB816F0D27C6}.Debug|Any CPU.ActiveCfg = Debug|Any CPU
		{5740C914-FFA1-47D2-8AC7-DB816F0D27C6}.Debug|Any CPU.Build.0 = Debug|Any CPU
		{5740C914-FFA1-47D2-8AC7-DB816F0D27C6}.Release|Any CPU.ActiveCfg = Release|Any CPU
		{5740C914-FFA1-47D2-8AC7-DB816F0D27C6}.Release|Any CPU.Build.0 = Release|Any CPU
		{D2B0A741-6FBF-4761-B3E9-990C33710EC7}.Debug|Any CPU.ActiveCfg = Debug|Any CPU
		{D2B0A741-6FBF-4761-B3E9-990C33710EC7}.Debug|Any CPU.Build.0 = Debug|Any CPU
		{D2B0A741-6FBF-4761-B3E9-990C33710EC7}.Release|Any CPU.ActiveCfg = Release|Any CPU
		{D2B0A741-6FBF-4761-B3E9-990C33710EC7}.Release|Any CPU.Build.0 = Release|Any CPU
		{1663F009-73AA-4B9F-8CD7-68597AA0B04B}.Debug|Any CPU.ActiveCfg = Debug|Any CPU
		{1663F009-73AA-4B9F-8CD7-68597AA0B04B}.Debug|Any CPU.Build.0 = Debug|Any CPU
		{1663F009-73AA-4B9F-8CD7-68597AA0B04B}.Release|Any CPU.ActiveCfg = Release|Any CPU
		{1663F009-73AA-4B9F-8CD7-68597AA0B04B}.Release|Any CPU.Build.0 = Release|Any CPU
		{2060E5AD-25DB-475C-BD23-1CEB49A52960}.Debug|Any CPU.ActiveCfg = Debug|Any CPU
		{2060E5AD-25DB-475C-BD23-1CEB49A52960}.Debug|Any CPU.Build.0 = Debug|Any CPU
		{2060E5AD-25DB-475C-BD23-1CEB49A52960}.Release|Any CPU.ActiveCfg = Release|Any CPU
		{2060E5AD-25DB-475C-BD23-1CEB49A52960}.Release|Any CPU.Build.0 = Release|Any CPU
		{893F6FB5-3B3B-4BF6-93D4-130A6CED4A06}.Debug|Any CPU.ActiveCfg = Debug|Any CPU
		{893F6FB5-3B3B-4BF6-93D4-130A6CED4A06}.Debug|Any CPU.Build.0 = Debug|Any CPU
		{893F6FB5-3B3B-4BF6-93D4-130A6CED4A06}.Release|Any CPU.ActiveCfg = Release|Any CPU
		{893F6FB5-3B3B-4BF6-93D4-130A6CED4A06}.Release|Any CPU.Build.0 = Release|Any CPU
		{8A27BAE4-DC8A-43EE-A27F-45BC15CF64FE}.Debug|Any CPU.ActiveCfg = Debug|Any CPU
		{8A27BAE4-DC8A-43EE-A27F-45BC15CF64FE}.Debug|Any CPU.Build.0 = Debug|Any CPU
		{8A27BAE4-DC8A-43EE-A27F-45BC15CF64FE}.Release|Any CPU.ActiveCfg = Release|Any CPU
		{8A27BAE4-DC8A-43EE-A27F-45BC15CF64FE}.Release|Any CPU.Build.0 = Release|Any CPU
		{42A1C0B1-C0F4-4669-87FE-CFFA8F54D906}.Debug|Any CPU.ActiveCfg = Debug|Any CPU
		{42A1C0B1-C0F4-4669-87FE-CFFA8F54D906}.Debug|Any CPU.Build.0 = Debug|Any CPU
		{42A1C0B1-C0F4-4669-87FE-CFFA8F54D906}.Release|Any CPU.ActiveCfg = Release|Any CPU
		{42A1C0B1-C0F4-4669-87FE-CFFA8F54D906}.Release|Any CPU.Build.0 = Release|Any CPU
		{01036468-6F44-4E5E-8F91-9432B325A88D}.Debug|Any CPU.ActiveCfg = Debug|Any CPU
		{01036468-6F44-4E5E-8F91-9432B325A88D}.Debug|Any CPU.Build.0 = Debug|Any CPU
		{01036468-6F44-4E5E-8F91-9432B325A88D}.Release|Any CPU.ActiveCfg = Release|Any CPU
		{01036468-6F44-4E5E-8F91-9432B325A88D}.Release|Any CPU.Build.0 = Release|Any CPU
		{34B4F08F-AA64-4522-B9D0-7E32D9EF6590}.Debug|Any CPU.ActiveCfg = Debug|Any CPU
		{34B4F08F-AA64-4522-B9D0-7E32D9EF6590}.Debug|Any CPU.Build.0 = Debug|Any CPU
		{34B4F08F-AA64-4522-B9D0-7E32D9EF6590}.Release|Any CPU.ActiveCfg = Release|Any CPU
		{34B4F08F-AA64-4522-B9D0-7E32D9EF6590}.Release|Any CPU.Build.0 = Release|Any CPU
		{4D0C4852-CB84-451F-A25A-538CC24416C6}.Debug|Any CPU.ActiveCfg = Debug|Any CPU
		{4D0C4852-CB84-451F-A25A-538CC24416C6}.Debug|Any CPU.Build.0 = Debug|Any CPU
		{4D0C4852-CB84-451F-A25A-538CC24416C6}.Release|Any CPU.ActiveCfg = Release|Any CPU
		{4D0C4852-CB84-451F-A25A-538CC24416C6}.Release|Any CPU.Build.0 = Release|Any CPU
		{2FDBF186-C565-44EF-8BF0-1F0C603F918E}.Debug|Any CPU.ActiveCfg = Debug|Any CPU
		{2FDBF186-C565-44EF-8BF0-1F0C603F918E}.Debug|Any CPU.Build.0 = Debug|Any CPU
		{2FDBF186-C565-44EF-8BF0-1F0C603F918E}.Release|Any CPU.ActiveCfg = Release|Any CPU
		{2FDBF186-C565-44EF-8BF0-1F0C603F918E}.Release|Any CPU.Build.0 = Release|Any CPU
		{30114B97-0F65-4D55-B215-A274CE2E602F}.Debug|Any CPU.ActiveCfg = Debug|Any CPU
		{30114B97-0F65-4D55-B215-A274CE2E602F}.Debug|Any CPU.Build.0 = Debug|Any CPU
		{30114B97-0F65-4D55-B215-A274CE2E602F}.Release|Any CPU.ActiveCfg = Release|Any CPU
		{30114B97-0F65-4D55-B215-A274CE2E602F}.Release|Any CPU.Build.0 = Release|Any CPU
		{B217272F-EF71-4D56-8957-393E66F742F9}.Debug|Any CPU.ActiveCfg = Debug|Any CPU
		{B217272F-EF71-4D56-8957-393E66F742F9}.Debug|Any CPU.Build.0 = Debug|Any CPU
		{B217272F-EF71-4D56-8957-393E66F742F9}.Release|Any CPU.ActiveCfg = Release|Any CPU
		{B217272F-EF71-4D56-8957-393E66F742F9}.Release|Any CPU.Build.0 = Release|Any CPU
		{A36A9D80-D286-4F84-A2C1-6319B038EADC}.Debug|Any CPU.ActiveCfg = Debug|Any CPU
		{A36A9D80-D286-4F84-A2C1-6319B038EADC}.Debug|Any CPU.Build.0 = Debug|Any CPU
		{A36A9D80-D286-4F84-A2C1-6319B038EADC}.Release|Any CPU.ActiveCfg = Release|Any CPU
		{A36A9D80-D286-4F84-A2C1-6319B038EADC}.Release|Any CPU.Build.0 = Release|Any CPU
		{2446224F-5DC9-4C67-9780-97F20596EB62}.Debug|Any CPU.ActiveCfg = Debug|Any CPU
		{2446224F-5DC9-4C67-9780-97F20596EB62}.Debug|Any CPU.Build.0 = Debug|Any CPU
		{2446224F-5DC9-4C67-9780-97F20596EB62}.Release|Any CPU.ActiveCfg = Release|Any CPU
		{2446224F-5DC9-4C67-9780-97F20596EB62}.Release|Any CPU.Build.0 = Release|Any CPU
		{866D174A-0EBE-41A5-BF30-9EA0A9D5B9B4}.Debug|Any CPU.ActiveCfg = Debug|Any CPU
		{866D174A-0EBE-41A5-BF30-9EA0A9D5B9B4}.Debug|Any CPU.Build.0 = Debug|Any CPU
		{866D174A-0EBE-41A5-BF30-9EA0A9D5B9B4}.Release|Any CPU.ActiveCfg = Release|Any CPU
		{866D174A-0EBE-41A5-BF30-9EA0A9D5B9B4}.Release|Any CPU.Build.0 = Release|Any CPU
		{A53253B4-82F6-42AD-902F-38C028BBFCB9}.Debug|Any CPU.ActiveCfg = Debug|Any CPU
		{A53253B4-82F6-42AD-902F-38C028BBFCB9}.Debug|Any CPU.Build.0 = Debug|Any CPU
		{A53253B4-82F6-42AD-902F-38C028BBFCB9}.Release|Any CPU.ActiveCfg = Release|Any CPU
		{A53253B4-82F6-42AD-902F-38C028BBFCB9}.Release|Any CPU.Build.0 = Release|Any CPU
		{C6266626-6DF2-4B76-AEA1-922D1AB55C71}.Debug|Any CPU.ActiveCfg = Debug|Any CPU
		{C6266626-6DF2-4B76-AEA1-922D1AB55C71}.Debug|Any CPU.Build.0 = Debug|Any CPU
		{C6266626-6DF2-4B76-AEA1-922D1AB55C71}.Release|Any CPU.ActiveCfg = Release|Any CPU
		{C6266626-6DF2-4B76-AEA1-922D1AB55C71}.Release|Any CPU.Build.0 = Release|Any CPU
		{D8F8D13B-99D2-4AA5-AD67-05CF38DC3C5E}.Debug|Any CPU.ActiveCfg = Debug|Any CPU
		{D8F8D13B-99D2-4AA5-AD67-05CF38DC3C5E}.Debug|Any CPU.Build.0 = Debug|Any CPU
		{D8F8D13B-99D2-4AA5-AD67-05CF38DC3C5E}.Release|Any CPU.ActiveCfg = Release|Any CPU
		{D8F8D13B-99D2-4AA5-AD67-05CF38DC3C5E}.Release|Any CPU.Build.0 = Release|Any CPU
		{F68E8D0B-5FEE-4666-8142-3D26B99C9EB4}.Debug|Any CPU.ActiveCfg = Debug|Any CPU
		{F68E8D0B-5FEE-4666-8142-3D26B99C9EB4}.Debug|Any CPU.Build.0 = Debug|Any CPU
		{F68E8D0B-5FEE-4666-8142-3D26B99C9EB4}.Release|Any CPU.ActiveCfg = Release|Any CPU
		{F68E8D0B-5FEE-4666-8142-3D26B99C9EB4}.Release|Any CPU.Build.0 = Release|Any CPU
		{7D59145A-125A-470D-9AFD-94344E50658C}.Debug|Any CPU.ActiveCfg = Debug|Any CPU
		{7D59145A-125A-470D-9AFD-94344E50658C}.Debug|Any CPU.Build.0 = Debug|Any CPU
		{7D59145A-125A-470D-9AFD-94344E50658C}.Release|Any CPU.ActiveCfg = Release|Any CPU
		{7D59145A-125A-470D-9AFD-94344E50658C}.Release|Any CPU.Build.0 = Release|Any CPU
		{E0F7E8CB-3D7E-41D1-AF0F-26B9F6C19EC9}.Debug|Any CPU.ActiveCfg = Debug|Any CPU
		{E0F7E8CB-3D7E-41D1-AF0F-26B9F6C19EC9}.Debug|Any CPU.Build.0 = Debug|Any CPU
		{E0F7E8CB-3D7E-41D1-AF0F-26B9F6C19EC9}.Release|Any CPU.ActiveCfg = Release|Any CPU
		{E0F7E8CB-3D7E-41D1-AF0F-26B9F6C19EC9}.Release|Any CPU.Build.0 = Release|Any CPU
		{862DED5F-EF02-4790-9090-0A45261B18F7}.Debug|Any CPU.ActiveCfg = Debug|Any CPU
		{862DED5F-EF02-4790-9090-0A45261B18F7}.Debug|Any CPU.Build.0 = Debug|Any CPU
		{862DED5F-EF02-4790-9090-0A45261B18F7}.Release|Any CPU.ActiveCfg = Release|Any CPU
		{862DED5F-EF02-4790-9090-0A45261B18F7}.Release|Any CPU.Build.0 = Release|Any CPU
		{7CD34E1A-2413-481A-9436-B2C24B71D0A5}.Debug|Any CPU.ActiveCfg = Debug|Any CPU
		{7CD34E1A-2413-481A-9436-B2C24B71D0A5}.Debug|Any CPU.Build.0 = Debug|Any CPU
		{7CD34E1A-2413-481A-9436-B2C24B71D0A5}.Release|Any CPU.ActiveCfg = Release|Any CPU
		{7CD34E1A-2413-481A-9436-B2C24B71D0A5}.Release|Any CPU.Build.0 = Release|Any CPU
		{7305CB35-C968-43C3-974A-FBA9D27018D7}.Debug|Any CPU.ActiveCfg = Debug|Any CPU
		{7305CB35-C968-43C3-974A-FBA9D27018D7}.Debug|Any CPU.Build.0 = Debug|Any CPU
		{7305CB35-C968-43C3-974A-FBA9D27018D7}.Release|Any CPU.ActiveCfg = Release|Any CPU
		{7305CB35-C968-43C3-974A-FBA9D27018D7}.Release|Any CPU.Build.0 = Release|Any CPU
		{AEA71ED3-1268-4EC9-AF85-FAB9764328AF}.Debug|Any CPU.ActiveCfg = Debug|Any CPU
		{AEA71ED3-1268-4EC9-AF85-FAB9764328AF}.Debug|Any CPU.Build.0 = Debug|Any CPU
		{AEA71ED3-1268-4EC9-AF85-FAB9764328AF}.Release|Any CPU.ActiveCfg = Release|Any CPU
		{AEA71ED3-1268-4EC9-AF85-FAB9764328AF}.Release|Any CPU.Build.0 = Release|Any CPU
		{88B8D793-B20C-4175-96CA-4839867EC547}.Debug|Any CPU.ActiveCfg = Debug|Any CPU
		{88B8D793-B20C-4175-96CA-4839867EC547}.Debug|Any CPU.Build.0 = Debug|Any CPU
		{88B8D793-B20C-4175-96CA-4839867EC547}.Release|Any CPU.ActiveCfg = Release|Any CPU
		{88B8D793-B20C-4175-96CA-4839867EC547}.Release|Any CPU.Build.0 = Release|Any CPU
		{F38206D7-2B05-4DBC-8C91-D99E9D30CEEB}.Debug|Any CPU.ActiveCfg = Debug|Any CPU
		{F38206D7-2B05-4DBC-8C91-D99E9D30CEEB}.Debug|Any CPU.Build.0 = Debug|Any CPU
		{F38206D7-2B05-4DBC-8C91-D99E9D30CEEB}.Release|Any CPU.ActiveCfg = Release|Any CPU
		{F38206D7-2B05-4DBC-8C91-D99E9D30CEEB}.Release|Any CPU.Build.0 = Release|Any CPU
		{F13112AA-B0B8-4BD4-81A7-3F07DECFA139}.Debug|Any CPU.ActiveCfg = Debug|Any CPU
		{F13112AA-B0B8-4BD4-81A7-3F07DECFA139}.Debug|Any CPU.Build.0 = Debug|Any CPU
		{F13112AA-B0B8-4BD4-81A7-3F07DECFA139}.Release|Any CPU.ActiveCfg = Release|Any CPU
		{F13112AA-B0B8-4BD4-81A7-3F07DECFA139}.Release|Any CPU.Build.0 = Release|Any CPU
		{EEB2DE9A-A7DA-45F2-9FE7-9D94EBA2D44F}.Debug|Any CPU.ActiveCfg = Debug|Any CPU
		{EEB2DE9A-A7DA-45F2-9FE7-9D94EBA2D44F}.Debug|Any CPU.Build.0 = Debug|Any CPU
		{EEB2DE9A-A7DA-45F2-9FE7-9D94EBA2D44F}.Release|Any CPU.ActiveCfg = Release|Any CPU
		{EEB2DE9A-A7DA-45F2-9FE7-9D94EBA2D44F}.Release|Any CPU.Build.0 = Release|Any CPU
		{D357B1A2-17AB-4804-B68F-D6A6E4C8D2B0}.Debug|Any CPU.ActiveCfg = Debug|Any CPU
		{D357B1A2-17AB-4804-B68F-D6A6E4C8D2B0}.Debug|Any CPU.Build.0 = Debug|Any CPU
		{D357B1A2-17AB-4804-B68F-D6A6E4C8D2B0}.Release|Any CPU.ActiveCfg = Release|Any CPU
		{D357B1A2-17AB-4804-B68F-D6A6E4C8D2B0}.Release|Any CPU.Build.0 = Release|Any CPU
		{AB8EFCB5-EDDB-4AA8-A080-3304BFCE92EB}.Debug|Any CPU.ActiveCfg = Debug|Any CPU
		{AB8EFCB5-EDDB-4AA8-A080-3304BFCE92EB}.Debug|Any CPU.Build.0 = Debug|Any CPU
		{AB8EFCB5-EDDB-4AA8-A080-3304BFCE92EB}.Release|Any CPU.ActiveCfg = Release|Any CPU
		{AB8EFCB5-EDDB-4AA8-A080-3304BFCE92EB}.Release|Any CPU.Build.0 = Release|Any CPU
		{DDE25EE7-2C68-4F11-884D-6FEE9AFADA81}.Debug|Any CPU.ActiveCfg = Debug|Any CPU
		{DDE25EE7-2C68-4F11-884D-6FEE9AFADA81}.Debug|Any CPU.Build.0 = Debug|Any CPU
		{DDE25EE7-2C68-4F11-884D-6FEE9AFADA81}.Release|Any CPU.ActiveCfg = Release|Any CPU
		{DDE25EE7-2C68-4F11-884D-6FEE9AFADA81}.Release|Any CPU.Build.0 = Release|Any CPU
		{E2661DE8-15CF-4D7D-B0BA-2C2C3BB66D8E}.Debug|Any CPU.ActiveCfg = Debug|Any CPU
		{E2661DE8-15CF-4D7D-B0BA-2C2C3BB66D8E}.Debug|Any CPU.Build.0 = Debug|Any CPU
		{E2661DE8-15CF-4D7D-B0BA-2C2C3BB66D8E}.Release|Any CPU.ActiveCfg = Release|Any CPU
		{E2661DE8-15CF-4D7D-B0BA-2C2C3BB66D8E}.Release|Any CPU.Build.0 = Release|Any CPU
		{9E096E79-F8BD-46BA-A5AE-1526E5AB90C9}.Debug|Any CPU.ActiveCfg = Debug|Any CPU
		{9E096E79-F8BD-46BA-A5AE-1526E5AB90C9}.Debug|Any CPU.Build.0 = Debug|Any CPU
		{9E096E79-F8BD-46BA-A5AE-1526E5AB90C9}.Release|Any CPU.ActiveCfg = Release|Any CPU
		{9E096E79-F8BD-46BA-A5AE-1526E5AB90C9}.Release|Any CPU.Build.0 = Release|Any CPU
		{A3EFF10E-BDC8-432F-B8D7-373EBB0F1B98}.Debug|Any CPU.ActiveCfg = Debug|Any CPU
		{A3EFF10E-BDC8-432F-B8D7-373EBB0F1B98}.Debug|Any CPU.Build.0 = Debug|Any CPU
		{A3EFF10E-BDC8-432F-B8D7-373EBB0F1B98}.Release|Any CPU.ActiveCfg = Release|Any CPU
		{A3EFF10E-BDC8-432F-B8D7-373EBB0F1B98}.Release|Any CPU.Build.0 = Release|Any CPU
		{FA410C35-7637-4CFE-97D9-925CB9843EF6}.Debug|Any CPU.ActiveCfg = Debug|Any CPU
		{FA410C35-7637-4CFE-97D9-925CB9843EF6}.Debug|Any CPU.Build.0 = Debug|Any CPU
		{FA410C35-7637-4CFE-97D9-925CB9843EF6}.Release|Any CPU.ActiveCfg = Release|Any CPU
		{FA410C35-7637-4CFE-97D9-925CB9843EF6}.Release|Any CPU.Build.0 = Release|Any CPU
		{F7F2687D-3852-4BB5-9A6D-5E89DB152B6F}.Debug|Any CPU.ActiveCfg = Debug|Any CPU
		{F7F2687D-3852-4BB5-9A6D-5E89DB152B6F}.Debug|Any CPU.Build.0 = Debug|Any CPU
		{F7F2687D-3852-4BB5-9A6D-5E89DB152B6F}.Release|Any CPU.ActiveCfg = Release|Any CPU
		{F7F2687D-3852-4BB5-9A6D-5E89DB152B6F}.Release|Any CPU.Build.0 = Release|Any CPU
		{6C307F8A-F332-4655-929B-461335CCA4FC}.Debug|Any CPU.ActiveCfg = Debug|Any CPU
		{6C307F8A-F332-4655-929B-461335CCA4FC}.Debug|Any CPU.Build.0 = Debug|Any CPU
		{6C307F8A-F332-4655-929B-461335CCA4FC}.Release|Any CPU.ActiveCfg = Release|Any CPU
		{6C307F8A-F332-4655-929B-461335CCA4FC}.Release|Any CPU.Build.0 = Release|Any CPU
		{439BB11D-3A2E-4CA8-B4D9-92DC07D65277}.Debug|Any CPU.ActiveCfg = Debug|Any CPU
		{439BB11D-3A2E-4CA8-B4D9-92DC07D65277}.Debug|Any CPU.Build.0 = Debug|Any CPU
		{439BB11D-3A2E-4CA8-B4D9-92DC07D65277}.Release|Any CPU.ActiveCfg = Release|Any CPU
		{439BB11D-3A2E-4CA8-B4D9-92DC07D65277}.Release|Any CPU.Build.0 = Release|Any CPU
		{6B5344EC-B9B8-4B61-B8CA-0FE3DA793B95}.Debug|Any CPU.ActiveCfg = Debug|Any CPU
		{6B5344EC-B9B8-4B61-B8CA-0FE3DA793B95}.Debug|Any CPU.Build.0 = Debug|Any CPU
		{6B5344EC-B9B8-4B61-B8CA-0FE3DA793B95}.Release|Any CPU.ActiveCfg = Release|Any CPU
		{6B5344EC-B9B8-4B61-B8CA-0FE3DA793B95}.Release|Any CPU.Build.0 = Release|Any CPU
		{5B2CBD6C-03CC-4608-A870-C38B77DC33D1}.Debug|Any CPU.ActiveCfg = Debug|Any CPU
		{5B2CBD6C-03CC-4608-A870-C38B77DC33D1}.Debug|Any CPU.Build.0 = Debug|Any CPU
		{5B2CBD6C-03CC-4608-A870-C38B77DC33D1}.Release|Any CPU.ActiveCfg = Release|Any CPU
		{5B2CBD6C-03CC-4608-A870-C38B77DC33D1}.Release|Any CPU.Build.0 = Release|Any CPU
		{95E0FD3D-324C-4F39-AD6C-823B6C1A553B}.Debug|Any CPU.ActiveCfg = Debug|Any CPU
		{95E0FD3D-324C-4F39-AD6C-823B6C1A553B}.Debug|Any CPU.Build.0 = Debug|Any CPU
		{95E0FD3D-324C-4F39-AD6C-823B6C1A553B}.Release|Any CPU.ActiveCfg = Release|Any CPU
		{95E0FD3D-324C-4F39-AD6C-823B6C1A553B}.Release|Any CPU.Build.0 = Release|Any CPU
		{DFDB5F0A-96E1-4EF6-869B-8E9522D60DE1}.Debug|Any CPU.ActiveCfg = Debug|Any CPU
		{DFDB5F0A-96E1-4EF6-869B-8E9522D60DE1}.Debug|Any CPU.Build.0 = Debug|Any CPU
		{DFDB5F0A-96E1-4EF6-869B-8E9522D60DE1}.Release|Any CPU.ActiveCfg = Release|Any CPU
		{DFDB5F0A-96E1-4EF6-869B-8E9522D60DE1}.Release|Any CPU.Build.0 = Release|Any CPU
		{16EF69E4-60CE-42D8-88AE-217060289E92}.Debug|Any CPU.ActiveCfg = Debug|Any CPU
		{16EF69E4-60CE-42D8-88AE-217060289E92}.Debug|Any CPU.Build.0 = Debug|Any CPU
		{16EF69E4-60CE-42D8-88AE-217060289E92}.Release|Any CPU.ActiveCfg = Release|Any CPU
		{16EF69E4-60CE-42D8-88AE-217060289E92}.Release|Any CPU.Build.0 = Release|Any CPU
		{EFAC47E5-160D-4A1B-A09B-F5F96756513D}.Debug|Any CPU.ActiveCfg = Debug|Any CPU
		{EFAC47E5-160D-4A1B-A09B-F5F96756513D}.Debug|Any CPU.Build.0 = Debug|Any CPU
		{EFAC47E5-160D-4A1B-A09B-F5F96756513D}.Release|Any CPU.ActiveCfg = Release|Any CPU
		{EFAC47E5-160D-4A1B-A09B-F5F96756513D}.Release|Any CPU.Build.0 = Release|Any CPU
		{7ACC777B-021D-45E5-9608-05C4BBDD0272}.Debug|Any CPU.ActiveCfg = Debug|Any CPU
		{7ACC777B-021D-45E5-9608-05C4BBDD0272}.Debug|Any CPU.Build.0 = Debug|Any CPU
		{7ACC777B-021D-45E5-9608-05C4BBDD0272}.Release|Any CPU.ActiveCfg = Release|Any CPU
		{7ACC777B-021D-45E5-9608-05C4BBDD0272}.Release|Any CPU.Build.0 = Release|Any CPU
		{CB587497-4748-4026-BEA3-7C479219FE74}.Debug|Any CPU.ActiveCfg = Debug|Any CPU
		{CB587497-4748-4026-BEA3-7C479219FE74}.Debug|Any CPU.Build.0 = Debug|Any CPU
		{CB587497-4748-4026-BEA3-7C479219FE74}.Release|Any CPU.ActiveCfg = Release|Any CPU
		{CB587497-4748-4026-BEA3-7C479219FE74}.Release|Any CPU.Build.0 = Release|Any CPU
	EndGlobalSection
	GlobalSection(SolutionProperties) = preSolution
		HideSolutionNode = FALSE
	EndGlobalSection
	GlobalSection(NestedProjects) = preSolution
		{3898280E-4141-46A0-A2B1-A362DFF64E23} = {21C58525-54E4-4590-8CD0-847A1DB0B923}
		{5740C914-FFA1-47D2-8AC7-DB816F0D27C6} = {56F7F601-D4BA-4802-A755-39DC3D603C06}
		{D2B0A741-6FBF-4761-B3E9-990C33710EC7} = {7EF573E1-94A9-4D63-942C-6A34D998183B}
		{1663F009-73AA-4B9F-8CD7-68597AA0B04B} = {5BAE8AB4-2FF9-44E9-B772-B9BBAB7392F7}
		{2060E5AD-25DB-475C-BD23-1CEB49A52960} = {891DC9F0-06EA-4D8F-A3C2-CF1F01A9874F}
		{893F6FB5-3B3B-4BF6-93D4-130A6CED4A06} = {891DC9F0-06EA-4D8F-A3C2-CF1F01A9874F}
		{8A27BAE4-DC8A-43EE-A27F-45BC15CF64FE} = {891DC9F0-06EA-4D8F-A3C2-CF1F01A9874F}
		{42A1C0B1-C0F4-4669-87FE-CFFA8F54D906} = {891DC9F0-06EA-4D8F-A3C2-CF1F01A9874F}
		{01036468-6F44-4E5E-8F91-9432B325A88D} = {6CACC481-4884-41B0-9076-8CE9B986EA40}
		{34B4F08F-AA64-4522-B9D0-7E32D9EF6590} = {6CACC481-4884-41B0-9076-8CE9B986EA40}
		{4D0C4852-CB84-451F-A25A-538CC24416C6} = {6CACC481-4884-41B0-9076-8CE9B986EA40}
		{2FDBF186-C565-44EF-8BF0-1F0C603F918E} = {6CACC481-4884-41B0-9076-8CE9B986EA40}
		{30114B97-0F65-4D55-B215-A274CE2E602F} = {6CACC481-4884-41B0-9076-8CE9B986EA40}
		{B217272F-EF71-4D56-8957-393E66F742F9} = {6CACC481-4884-41B0-9076-8CE9B986EA40}
		{A36A9D80-D286-4F84-A2C1-6319B038EADC} = {6CACC481-4884-41B0-9076-8CE9B986EA40}
		{2446224F-5DC9-4C67-9780-97F20596EB62} = {6CACC481-4884-41B0-9076-8CE9B986EA40}
		{866D174A-0EBE-41A5-BF30-9EA0A9D5B9B4} = {6CACC481-4884-41B0-9076-8CE9B986EA40}
		{A53253B4-82F6-42AD-902F-38C028BBFCB9} = {6CACC481-4884-41B0-9076-8CE9B986EA40}
		{C6266626-6DF2-4B76-AEA1-922D1AB55C71} = {6CACC481-4884-41B0-9076-8CE9B986EA40}
		{D8F8D13B-99D2-4AA5-AD67-05CF38DC3C5E} = {6CACC481-4884-41B0-9076-8CE9B986EA40}
		{F68E8D0B-5FEE-4666-8142-3D26B99C9EB4} = {6CACC481-4884-41B0-9076-8CE9B986EA40}
		{7D59145A-125A-470D-9AFD-94344E50658C} = {6CACC481-4884-41B0-9076-8CE9B986EA40}
		{E0F7E8CB-3D7E-41D1-AF0F-26B9F6C19EC9} = {6CACC481-4884-41B0-9076-8CE9B986EA40}
		{862DED5F-EF02-4790-9090-0A45261B18F7} = {6CACC481-4884-41B0-9076-8CE9B986EA40}
		{7CD34E1A-2413-481A-9436-B2C24B71D0A5} = {6CACC481-4884-41B0-9076-8CE9B986EA40}
		{7305CB35-C968-43C3-974A-FBA9D27018D7} = {6CACC481-4884-41B0-9076-8CE9B986EA40}
		{AEA71ED3-1268-4EC9-AF85-FAB9764328AF} = {6CACC481-4884-41B0-9076-8CE9B986EA40}
		{88B8D793-B20C-4175-96CA-4839867EC547} = {6CACC481-4884-41B0-9076-8CE9B986EA40}
		{F38206D7-2B05-4DBC-8C91-D99E9D30CEEB} = {6CACC481-4884-41B0-9076-8CE9B986EA40}
		{F13112AA-B0B8-4BD4-81A7-3F07DECFA139} = {6CACC481-4884-41B0-9076-8CE9B986EA40}
		{EEB2DE9A-A7DA-45F2-9FE7-9D94EBA2D44F} = {6CACC481-4884-41B0-9076-8CE9B986EA40}
		{D357B1A2-17AB-4804-B68F-D6A6E4C8D2B0} = {6CACC481-4884-41B0-9076-8CE9B986EA40}
		{AB8EFCB5-EDDB-4AA8-A080-3304BFCE92EB} = {6CACC481-4884-41B0-9076-8CE9B986EA40}
		{DDE25EE7-2C68-4F11-884D-6FEE9AFADA81} = {6CACC481-4884-41B0-9076-8CE9B986EA40}
		{E2661DE8-15CF-4D7D-B0BA-2C2C3BB66D8E} = {B6471896-646E-4E11-97FE-5917AB06547F}
		{9E096E79-F8BD-46BA-A5AE-1526E5AB90C9} = {B6471896-646E-4E11-97FE-5917AB06547F}
		{A3EFF10E-BDC8-432F-B8D7-373EBB0F1B98} = {B6471896-646E-4E11-97FE-5917AB06547F}
		{FA410C35-7637-4CFE-97D9-925CB9843EF6} = {B6471896-646E-4E11-97FE-5917AB06547F}
		{F7F2687D-3852-4BB5-9A6D-5E89DB152B6F} = {B6471896-646E-4E11-97FE-5917AB06547F}
		{6C307F8A-F332-4655-929B-461335CCA4FC} = {B6471896-646E-4E11-97FE-5917AB06547F}
		{439BB11D-3A2E-4CA8-B4D9-92DC07D65277} = {B6471896-646E-4E11-97FE-5917AB06547F}
		{6B5344EC-B9B8-4B61-B8CA-0FE3DA793B95} = {B6471896-646E-4E11-97FE-5917AB06547F}
		{5B2CBD6C-03CC-4608-A870-C38B77DC33D1} = {B6471896-646E-4E11-97FE-5917AB06547F}
		{95E0FD3D-324C-4F39-AD6C-823B6C1A553B} = {B6471896-646E-4E11-97FE-5917AB06547F}
		{DFDB5F0A-96E1-4EF6-869B-8E9522D60DE1} = {A315193B-AFFC-46B6-B262-02E84D6DFA7E}
		{16EF69E4-60CE-42D8-88AE-217060289E92} = {A315193B-AFFC-46B6-B262-02E84D6DFA7E}
		{EFAC47E5-160D-4A1B-A09B-F5F96756513D} = {A315193B-AFFC-46B6-B262-02E84D6DFA7E}
		{7ACC777B-021D-45E5-9608-05C4BBDD0272} = {A315193B-AFFC-46B6-B262-02E84D6DFA7E}
		{CB587497-4748-4026-BEA3-7C479219FE74} = {A315193B-AFFC-46B6-B262-02E84D6DFA7E}
	EndGlobalSection
	GlobalSection(ExtensibilityGlobals) = postSolution
		SolutionGuid = {BBFC21AD-E3AA-4B6B-B521-525911F40456}
	EndGlobalSection
EndGlobal
