
Microsoft Visual Studio Solution File, Format Version 12.00
# Visual Studio 15
VisualStudioVersion = 15.0.27703.2035
MinimumVisualStudioVersion = 10.0.40219.1
Project("{2150E333-8FDC-42A3-9474-1A3956D46DE8}") = "01算法速成系列", "01算法速成系列", "{21C58525-54E4-4590-8CD0-847A1DB0B923}"
EndProject
Project("{2150E333-8FDC-42A3-9474-1A3956D46DE8}") = "02树结构专题", "02树结构专题", "{56F7F601-D4BA-4802-A755-39DC3D603C06}"
EndProject
Project("{2150E333-8FDC-42A3-9474-1A3956D46DE8}") = "03算法洗脑系列", "03算法洗脑系列", "{7EF573E1-94A9-4D63-942C-6A34D998183B}"
EndProject
Project("{2150E333-8FDC-42A3-9474-1A3956D46DE8}") = "04经典算法系列", "04经典算法系列", "{5BAE8AB4-2FF9-44E9-B772-B9BBAB7392F7}"
EndProject
Project("{FAE04EC0-301F-11D3-BF4B-00C04F79EFBC}") = "01第一天 七大经典排序【上】", "01算法速成系列\01第一天 七大经典排序【上】\01第一天 七大经典排序【上】.csproj", "{3898280E-4141-46A0-A2B1-A362DFF64E23}"
EndProject
Project("{FAE04EC0-301F-11D3-BF4B-00C04F79EFBC}") = "01第一天 二叉查找树", "02树结构专题\01第一天 二叉查找树\01第一天 二叉查找树.csproj", "{5740C914-FFA1-47D2-8AC7-DB816F0D27C6}"
EndProject
Project("{FAE04EC0-301F-11D3-BF4B-00C04F79EFBC}") = "01第一篇 递推思想", "03算法洗脑系列\01第一篇 递推思想\01第一篇 递推思想.csproj", "{D2B0A741-6FBF-4761-B3E9-990C33710EC7}"
EndProject
Project("{FAE04EC0-301F-11D3-BF4B-00C04F79EFBC}") = "01第一题 百钱买百鸡", "04经典算法系列\01第一题 百钱买百鸡\01第一题 百钱买百鸡.csproj", "{1663F009-73AA-4B9F-8CD7-68597AA0B04B}"
EndProject
Project("{2150E333-8FDC-42A3-9474-1A3956D46DE8}") = "01入门篇", "01入门篇", "{891DC9F0-06EA-4D8F-A3C2-CF1F01A9874F}"
EndProject
Project("{2150E333-8FDC-42A3-9474-1A3956D46DE8}") = "02基础篇", "02基础篇", "{6CACC481-4884-41B0-9076-8CE9B986EA40}"
EndProject
Project("{2150E333-8FDC-42A3-9474-1A3956D46DE8}") = "04实战篇", "04实战篇", "{B6471896-646E-4E11-97FE-5917AB06547F}"
EndProject
Project("{FAE04EC0-301F-11D3-BF4B-00C04F79EFBC}") = "01作为一名软件工程师，为什么要学习数据结构和算法？", "入门篇\01作为一名软件工程师，为什么要学习数据结构和算法\01作为一名软件工程师，为什么要学习数据结构和算法？.csproj", "{2060E5AD-25DB-475C-BD23-1CEB49A52960}"
EndProject
Project("{FAE04EC0-301F-11D3-BF4B-00C04F79EFBC}") = "02如何抓住重点，系统高效地学习数据结构和 算法？", "入门篇\02如何抓住重点，系统高效地学习数据结构和算法\02如何抓住重点，系统高效地学习数据结构和 算法？.csproj", "{893F6FB5-3B3B-4BF6-93D4-130A6CED4A06}"
EndProject
Project("{FAE04EC0-301F-11D3-BF4B-00C04F79EFBC}") = "03复杂度分析（上）：如何分析算法的执行效率和资源消耗？", "入门篇\03复杂度分析（上）：如何分析算法的执行效率和资源消耗？\03复杂度分析（上）：如何分析算法的执行效率和资源消耗？.csproj", "{8A27BAE4-DC8A-43EE-A27F-45BC15CF64FE}"
EndProject
Project("{FAE04EC0-301F-11D3-BF4B-00C04F79EFBC}") = "04复杂度分析（下）：详解最好、最坏、平均、均摊复杂度分析", "入门篇\04复杂度分析（下）：详解最好、最坏、平均、均摊复杂度分析\04复杂度分析（下）：详解最好、最坏、平均、均摊复杂度分析.csproj", "{42A1C0B1-C0F4-4669-87FE-CFFA8F54D906}"
EndProject
Project("{FAE04EC0-301F-11D3-BF4B-00C04F79EFBC}") = "05数组：为什么大多数编程语言中数组要从0开始编号？", "基础篇\05数组：为什么大多数编程语言中数组要从0开始编号？\05数组：为什么大多数编程语言中数组要从0开始编号？.csproj", "{01036468-6F44-4E5E-8F91-9432B325A88D}"
EndProject
Project("{FAE04EC0-301F-11D3-BF4B-00C04F79EFBC}") = "06链表（上）：如何实现LRU缓存淘汰算法？", "基础篇\06链表（上）：如何实现LRU缓存淘汰算法？\06链表（上）：如何实现LRU缓存淘汰算法？.csproj", "{34B4F08F-AA64-4522-B9D0-7E32D9EF6590}"
EndProject
Project("{FAE04EC0-301F-11D3-BF4B-00C04F79EFBC}") = "07链表（下）：如何轻松写出正确的链表代码？", "基础篇\07链表（下）：如何轻松写出正确的链表代码？\07链表（下）：如何轻松写出正确的链表代码？.csproj", "{4D0C4852-CB84-451F-A25A-538CC24416C6}"
EndProject
Project("{FAE04EC0-301F-11D3-BF4B-00C04F79EFBC}") = "08栈：如何实现浏览器的前进和后退功能？", "基础篇\07栈：如何实现浏览器的前进和后退功能？\08栈：如何实现浏览器的前进和后退功能？.csproj", "{2FDBF186-C565-44EF-8BF0-1F0C603F918E}"
EndProject
Project("{FAE04EC0-301F-11D3-BF4B-00C04F79EFBC}") = "09队列：如何实现线程池等有限资源池的请求排队功能？", "基础篇\09队列：如何实现线程池等有限资源池的请求排队功能？\09队列：如何实现线程池等有限资源池的请求排队功能？.csproj", "{30114B97-0F65-4D55-B215-A274CE2E602F}"
EndProject
Project("{FAE04EC0-301F-11D3-BF4B-00C04F79EFBC}") = "10递归：如何用三行代码实现查找“最终推荐人”功能？", "基础篇\10递归：如何用三行代码实现查找“最终推荐人”功能？\10递归：如何用三行代码实现查找“最终推荐人”功能？.csproj", "{B217272F-EF71-4D56-8957-393E66F742F9}"
EndProject
Project("{FAE04EC0-301F-11D3-BF4B-00C04F79EFBC}") = "11排序：如何用快排思想O（n）时间复杂度查找第Kth元素？", "基础篇\11排序：如何用快排思想O（n）时间复杂度查找第Kth元素？\11排序：如何用快排思想O（n）时间复杂度查找第Kth元素？.csproj", "{A36A9D80-D286-4F84-A2C1-6319B038EADC}"
EndProject
Project("{FAE04EC0-301F-11D3-BF4B-00C04F79EFBC}") = "12线性排序：如何根据年龄给100万用户数据排序？", "基础篇\12线性排序：如何根据年龄给100万用户数据排序？\12线性排序：如何根据年龄给100万用户数据排序？.csproj", "{2446224F-5DC9-4C67-9780-97F20596EB62}"
EndProject
Project("{FAE04EC0-301F-11D3-BF4B-00C04F79EFBC}") = "13排序优化：如何实现一个通用的高性能的排序函数？", "基础篇\13排序优化：如何实现一个通用的高性能的排序函数？\13排序优化：如何实现一个通用的高性能的排序函数？.csproj", "{866D174A-0EBE-41A5-BF30-9EA0A9D5B9B4}"
EndProject
Project("{FAE04EC0-301F-11D3-BF4B-00C04F79EFBC}") = "14二分查找：如何快速定位IP对应的省份地址？", "基础篇\14二分查找：如何快速定位IP对应的省份地址？\14二分查找：如何快速定位IP对应的省份地址？.csproj", "{A53253B4-82F6-42AD-902F-38C028BBFCB9}"
EndProject
Project("{FAE04EC0-301F-11D3-BF4B-00C04F79EFBC}") = "15跳表：为什么Redis一定要用跳表实现有序集合？", "基础篇\15跳表：为什么Redis一定要用跳表实现有序集合？\15跳表：为什么Redis一定要用跳表实现有序集合？.csproj", "{C6266626-6DF2-4B76-AEA1-922D1AB55C71}"
EndProject
Project("{FAE04EC0-301F-11D3-BF4B-00C04F79EFBC}") = "16散列表（上）：如何实现Word文档的单词拼写检查功能？", "基础篇\16散列表（上）：如何实现Word文档的单词拼写检查功能？\16散列表（上）：如何实现Word文档的单词拼写检查功能？.csproj", "{D8F8D13B-99D2-4AA5-AD67-05CF38DC3C5E}"
EndProject
Project("{FAE04EC0-301F-11D3-BF4B-00C04F79EFBC}") = "17散列表（下）：如何打造一个工业级水平的散列表？", "基础篇\17散列表（下）：如何打造一个工业级水平的散列表？\17散列表（下）：如何打造一个工业级水平的散列表？.csproj", "{F68E8D0B-5FEE-4666-8142-3D26B99C9EB4}"
EndProject
Project("{FAE04EC0-301F-11D3-BF4B-00C04F79EFBC}") = "18哈希算法：如何防止数据库中的用户信息被脱库？", "基础篇\18哈希算法：如何防止数据库中的用户信息被脱库？\18哈希算法：如何防止数据库中的用户信息被脱库？.csproj", "{7D59145A-125A-470D-9AFD-94344E50658C}"
EndProject
Project("{FAE04EC0-301F-11D3-BF4B-00C04F79EFBC}") = "19二叉树：有了如此高效的散列表为什么还要用二叉树？", "基础篇\19二叉树：有了如此高效的散列表为什么还要用二叉树？\19二叉树：有了如此高效的散列表为什么还要用二叉树？.csproj", "{E0F7E8CB-3D7E-41D1-AF0F-26B9F6C19EC9}"
EndProject
Project("{FAE04EC0-301F-11D3-BF4B-00C04F79EFBC}") = "20堆与优先级队列：如何查找TOP10热门搜索关键词？", "基础篇\20堆与优先级队列：如何查找TOP10热门搜索关键词？\20堆与优先级队列：如何查找TOP10热门搜索关键词？.csproj", "{862DED5F-EF02-4790-9090-0A45261B18F7}"
EndProject
Project("{FAE04EC0-301F-11D3-BF4B-00C04F79EFBC}") = "21图的表示：如何存储微博、微信等社交网络中的好友关系？", "基础篇\21图的表示：如何存储微博、微信等社交网络中的好友关系？\21图的表示：如何存储微博、微信等社交网络中的好友关系？.csproj", "{7CD34E1A-2413-481A-9436-B2C24B71D0A5}"
EndProject
Project("{FAE04EC0-301F-11D3-BF4B-00C04F79EFBC}") = "22数据结构序列化：如何在数据库中存储一颗多级目录树？", "基础篇\22数据结构序列化：如何在数据库中存储一颗多级目录树？\22数据结构序列化：如何在数据库中存储一颗多级目录树？.csproj", "{7305CB35-C968-43C3-974A-FBA9D27018D7}"
EndProject
Project("{FAE04EC0-301F-11D3-BF4B-00C04F79EFBC}") = "23深度与广度优先搜索：如何找出社交网络中的三度好友关系？", "基础篇\23深度与广度优先搜索：如何找出社交网络中的三度好友关系？\23深度与广度优先搜索：如何找出社交网络中的三度好友关系？.csproj", "{AEA71ED3-1268-4EC9-AF85-FAB9764328AF}"
EndProject
Project("{FAE04EC0-301F-11D3-BF4B-00C04F79EFBC}") = "24字符串匹配：如何用多模式串匹配实现敏感词过滤功能？", "基础篇\24字符串匹配：如何用多模式串匹配实现敏感词过滤功能？\24字符串匹配：如何用多模式串匹配实现敏感词过滤功能？.csproj", "{88B8D793-B20C-4175-96CA-4839867EC547}"
EndProject
Project("{FAE04EC0-301F-11D3-BF4B-00C04F79EFBC}") = "25Trie树：如何实现搜索引擎的搜索关键词提示功能？", "基础篇\25Trie树：如何实现搜索引擎的搜索关键词提示功能？\25Trie树：如何实现搜索引擎的搜索关键词提示功能？.csproj", "{F38206D7-2B05-4DBC-8C91-D99E9D30CEEB}"
EndProject
Project("{FAE04EC0-301F-11D3-BF4B-00C04F79EFBC}") = "26贪心算法：如何用贪心算法实现Huffman压缩编码？", "基础篇\26贪心算法：如何用贪心算法实现Huffman压缩编码？\26贪心算法：如何用贪心算法实现Huffman压缩编码？.csproj", "{F13112AA-B0B8-4BD4-81A7-3F07DECFA139}"
EndProject
Project("{FAE04EC0-301F-11D3-BF4B-00C04F79EFBC}") = "27分治算法：谈一谈大规模计算框架MapReduce中的分治思想", "基础篇\27分治算法：谈一谈大规模计算框架MapReduce中的分治思想\27分治算法：谈一谈大规模计算框架MapReduce中的分治思想.csproj", "{EEB2DE9A-A7DA-45F2-9FE7-9D94EBA2D44F}"
EndProject
Project("{FAE04EC0-301F-11D3-BF4B-00C04F79EFBC}") = "29动态规划（上）：如何巧妙解决“双十一”购物时的凑单功能？", "基础篇\29动态规划（上）：如何巧妙解决“双十一”购物时的凑单功能？\29动态规划（上）：如何巧妙解决“双十一”购物时的凑单功能？.csproj", "{D357B1A2-17AB-4804-B68F-D6A6E4C8D2B0}"
EndProject
Project("{FAE04EC0-301F-11D3-BF4B-00C04F79EFBC}") = "28回溯算法：从电影《蝴蝶效应》中学习回溯算法的核心思想", "基础篇\28回溯算法：从电影《蝴蝶效应》中学习回溯算法的核心思想\28回溯算法：从电影《蝴蝶效应》中学习回溯算法的核心思想.csproj", "{AB8EFCB5-EDDB-4AA8-A080-3304BFCE92EB}"
EndProject
Project("{FAE04EC0-301F-11D3-BF4B-00C04F79EFBC}") = "30动态规划（下）：如何将DP状态转移方程转化为DP代码？", "基础篇\30动态规划（下）：如何将DP状态转移方程转化为DP代码？\30动态规划（下）：如何将DP状态转移方程转化为DP代码？.csproj", "{DDE25EE7-2C68-4F11-884D-6FEE9AFADA81}"
EndProject
Project("{2150E333-8FDC-42A3-9474-1A3956D46DE8}") = "03高级篇", "03高级篇", "{A315193B-AFFC-46B6-B262-02E84D6DFA7E}"
EndProject
Project("{FAE04EC0-301F-11D3-BF4B-00C04F79EFBC}") = "31拓扑排序：如何确定代码源文件的编译依赖关系？", "高级篇\31拓扑排序：如何确定代码源文件的编译依赖关系？\31拓扑排序：如何确定代码源文件的编译依赖关系？.csproj", "{E2661DE8-15CF-4D7D-B0BA-2C2C3BB66D8E}"
EndProject
Project("{FAE04EC0-301F-11D3-BF4B-00C04F79EFBC}") = "32最短路径：地图软件是如何计算出最优出行路径的？", "高级篇\32最短路径：地图软件是如何计算出最优出行路径的？\32最短路径：地图软件是如何计算出最优出行路径的？.csproj", "{9E096E79-F8BD-46BA-A5AE-1526E5AB90C9}"
EndProject
Project("{FAE04EC0-301F-11D3-BF4B-00C04F79EFBC}") = "33概率分析：编程语言中提供的随机函数真的是随机吗？", "高级篇\33概率分析：编程语言中提供的随机函数真的是随机吗？\33概率分析：编程语言中提供的随机函数真的是随机吗？.csproj", "{A3EFF10E-BDC8-432F-B8D7-373EBB0F1B98}"
EndProject
Project("{FAE04EC0-301F-11D3-BF4B-00C04F79EFBC}") = "35向量空间：如何实现一个简单的音乐推荐系统？", "高级篇\35向量空间：如何实现一个简单的音乐推荐系统？\35向量空间：如何实现一个简单的音乐推荐系统？.csproj", "{FA410C35-7637-4CFE-97D9-925CB9843EF6}"
EndProject
Project("{FAE04EC0-301F-11D3-BF4B-00C04F79EFBC}") = "36位图：如何实现网页爬出中的URL去重功能？", "高级篇\36位图：如何实现网页爬出中的URL去重功能？\36位图：如何实现网页爬出中的URL去重功能？.csproj", "{F7F2687D-3852-4BB5-9A6D-5E89DB152B6F}"
EndProject
Project("{FAE04EC0-301F-11D3-BF4B-00C04F79EFBC}") = "37B+树：MySQL数据库索引是如何实现的？", "高级篇\37B+树：MySQL数据库索引是如何实现的？\37B+树：MySQL数据库索引是如何实现的？.csproj", "{6C307F8A-F332-4655-929B-461335CCA4FC}"
EndProject
Project("{FAE04EC0-301F-11D3-BF4B-00C04F79EFBC}") = "38搜索进阶：如何用A搜索算法实现游戏中的寻路功能？", "高级篇\38搜索进阶：如何用A搜索算法实现游戏中的寻路功能？\38搜索进阶：如何用A搜索算法实现游戏中的寻路功能？.csproj", "{439BB11D-3A2E-4CA8-B4D9-92DC07D65277}"
EndProject
Project("{FAE04EC0-301F-11D3-BF4B-00C04F79EFBC}") = "39索引算法：如何在海量数据中快速查找某个数据？", "高级篇\39索引算法：如何在海量数据中快速查找某个数据？\39索引算法：如何在海量数据中快速查找某个数据？.csproj", "{6B5344EC-B9B8-4B61-B8CA-0FE3DA793B95}"
EndProject
Project("{FAE04EC0-301F-11D3-BF4B-00C04F79EFBC}") = "40并行算法：如何利用并行处理提高算法的执行效率？", "高级篇\40并行算法：如何利用并行处理提高算法的执行效率？\40并行算法：如何利用并行处理提高算法的执行效率？.csproj", "{5B2CBD6C-03CC-4608-A870-C38B77DC33D1}"
EndProject
Project("{FAE04EC0-301F-11D3-BF4B-00C04F79EFBC}") = "34统计问题：如何利用朴素贝叶斯算法过滤垃圾短信？", "高级篇\34统计问题：如何利用朴素贝叶斯算法过滤垃圾短信？\34统计问题：如何利用朴素贝叶斯算法过滤垃圾短信？.csproj", "{95E0FD3D-324C-4F39-AD6C-823B6C1A553B}"
EndProject
Project("{FAE04EC0-301F-11D3-BF4B-00C04F79EFBC}") = "41算法实战（一）：剖析Redis常用的数据类型对应的数据结构", "实战篇\41算法实战（一）：剖析Redis常用的数据类型对应的数据结构\41算法实战（一）：剖析Redis常用的数据类型对应的数据结构.csproj", "{DFDB5F0A-96E1-4EF6-869B-8E9522D60DE1}"
EndProject
Project("{FAE04EC0-301F-11D3-BF4B-00C04F79EFBC}") = "45算法实战（五）：如何用学过的数据结构和算法实现一个短网址系统？", "实战篇\45算法实战（五）：如何用学过的数据结构和算法实现一个短网址系统？\45算法实战（五）：如何用学过的数据结构和算法实现一个短网址系统？.csproj", "{CB587497-4748-4026-BEA3-7C479219FE74}"
EndProject
Project("{FAE04EC0-301F-11D3-BF4B-00C04F79EFBC}") = "42算法实战（二）：剖析搜索引擎背后的经典数据结构和算法", "实战篇\42算法实战（二）：剖析搜索引擎背后的经典数据结构和算法\42算法实战（二）：剖析搜索引擎背后的经典数据结构和算法.csproj", "{0CAC0024-53A6-47F4-8E02-BA7E849E7680}"
EndProject
Project("{FAE04EC0-301F-11D3-BF4B-00C04F79EFBC}") = "43算法实战（三）：剖析高性能队列Disruptor背后的数据结构和算法", "实战篇\43算法实战（三）：剖析高性能队列Disruptor背后的数据结构和算法\43算法实战（三）：剖析高性能队列Disruptor背后的数据结构和算法.csproj", "{B10D6DE2-A73C-4E7E-82FE-598C08644045}"
EndProject
Project("{FAE04EC0-301F-11D3-BF4B-00C04F79EFBC}") = "44算法实战（四）：剖析微服务接口鉴权限流背后的数据结构和算法", "实战篇\44算法实战（四）：剖析微服务接口鉴权限流背后的数据结构和算法\44算法实战（四）：剖析微服务接口鉴权限流背后的数据结构和算法.csproj", "{71AC2E41-DEF2-4978-8253-FB94EDF34DB2}"
EndProject
Project("{FAE04EC0-301F-11D3-BF4B-00C04F79EFBC}") = "00开篇词 从今天起，跨过“数据结构与算法”这道坎", "入门篇\00开篇词 从今天起，跨过“数据结构与算法”这道坎\00开篇词 从今天起，跨过“数据结构与算法”这道坎.csproj", "{3AF65A6A-DE1F-4AFF-BC13-56C7BF54E7F3}"
EndProject
Project("{2150E333-8FDC-42A3-9474-1A3956D46DE8}") = "数据结构与算法之美", "数据结构与算法之美", "{1DF6DF6D-1F50-4BC3-90FB-6C198BEB22CD}"
	ProjectSection(SolutionItems) = preProject
		00大纲.txt = 00大纲.txt
	EndProjectSection
EndProject
Project("{2150E333-8FDC-42A3-9474-1A3956D46DE8}") = "程序员的数学基础课", "程序员的数学基础课", "{8CFD75C5-0E54-45CE-B6B8-F67B23ABD17D}"
	ProjectSection(SolutionItems) = preProject
		大纲.txt = 大纲.txt
	EndProjectSection
EndProject
Project("{2150E333-8FDC-42A3-9474-1A3956D46DE8}") = "01基础思想篇", "01基础思想篇", "{55B7EE61-0749-4F2C-96CD-CA4F99C91629}"
EndProject
Project("{2150E333-8FDC-42A3-9474-1A3956D46DE8}") = "02概率统计篇", "02概率统计篇", "{692972C4-B665-4370-99F3-E7C404D72A19}"
EndProject
Project("{2150E333-8FDC-42A3-9474-1A3956D46DE8}") = "03线性代数篇", "03线性代数篇", "{142FC10E-0097-4CE6-8B53-893381D3E9E8}"
EndProject
Project("{2150E333-8FDC-42A3-9474-1A3956D46DE8}") = "04综合实战篇", "04综合实战篇", "{485D180C-031A-488D-A4ED-35A5BCC82330}"
EndProject
Project("{FAE04EC0-301F-11D3-BF4B-00C04F79EFBC}") = "001开篇词作为程序员，为什么你应该学好数学？", "程序员的数学基础课\01基础思想篇\00开篇词作为程序员，为什么你应该学好数学？\001开篇词作为程序员，为什么你应该学好数学？.csproj", "{055A56AD-BAD0-4A03-A532-4CA9F07ED312}"
EndProject
Project("{FAE04EC0-301F-11D3-BF4B-00C04F79EFBC}") = "002导读：程序员应该怎么学数学？", "程序员的数学基础课\01基础思想篇\00导读：程序员应该怎么学数学？\002导读：程序员应该怎么学数学？.csproj", "{797337B9-5287-442E-AD51-5EDDCF69B3B8}"
EndProject
Project("{FAE04EC0-301F-11D3-BF4B-00C04F79EFBC}") = "01二进制：不了解计算机的源头，你学什么编程", "程序员的数学基础课\01基础思想篇\01二进制：不了解计算机的源头，你学什么编程\01二进制：不了解计算机的源头，你学什么编程.csproj", "{F50B0F84-8262-475E-98AC-50EB266C2014}"
EndProject
Project("{FAE04EC0-301F-11D3-BF4B-00C04F79EFBC}") = "02余数：原来取余操作本身就是个哈希函数", "程序员的数学基础课\01基础思想篇\02余数：原来取余操作本身就是个哈希函数\02余数：原来取余操作本身就是个哈希函数.csproj", "{9A00EF2F-AD46-43CC-B4FE-6883FB65FBAF}"
EndProject
Project("{FAE04EC0-301F-11D3-BF4B-00C04F79EFBC}") = "03迭代法：不用编程语言的自带函数，你会如何计算平方根？", "程序员的数学基础课\01基础思想篇\03迭代法：不用编程语言的自带函数，你会如何计算平方根？\03迭代法：不用编程语言的自带函数，你会如何计算平方根？.csproj", "{AC8E91FB-6813-411A-9A1C-7D3F2F724350}"
EndProject
Project("{FAE04EC0-301F-11D3-BF4B-00C04F79EFBC}") = "04数学归纳法：如何用数学归纳提升代码的运行效率？", "程序员的数学基础课\01基础思想篇\04数学归纳法：如何用数学归纳提升代码的运行效率？\04数学归纳法：如何用数学归纳提升代码的运行效率？.csproj", "{A0A88C63-F137-4602-A804-A3ACE0039F69}"
EndProject
Project("{FAE04EC0-301F-11D3-BF4B-00C04F79EFBC}") = "05递归（上）：泛化数学归纳，如何将复杂问题简单化？", "程序员的数学基础课\01基础思想篇\05递归（上）：泛化数学归纳，如何将复杂问题简单化？\05递归（上）：泛化数学归纳，如何将复杂问题简单化？.csproj", "{69117239-85FA-4A8B-9894-795235245E00}"
EndProject
Project("{FAE04EC0-301F-11D3-BF4B-00C04F79EFBC}") = "060递归（下）：分而治之，从归并排序到MapReduce", "程序员的数学基础课\01基础思想篇\06递归（下）：分而治之，从归并排序到MapReduce\060递归（下）：分而治之，从归并排序到MapReduce.csproj", "{89710091-3ABF-4140-BC0D-C57DC840E7B1}"
EndProject
Project("{FAE04EC0-301F-11D3-BF4B-00C04F79EFBC}") = "061数学专栏课外加餐（一）我们为什么需要反码和补码？", "程序员的数学基础课\01基础思想篇\数学专栏课外加餐（一）我们为什么需要反码和补码？\061数学专栏课外加餐（一）我们为什么需要反码和补码？.csproj", "{1F5A3D39-DA00-4FD8-9293-63F36A0D9904}"
EndProject
Project("{FAE04EC0-301F-11D3-BF4B-00C04F79EFBC}") = "062数学专栏课外加餐（二） 位操作的三个应用实例", "程序员的数学基础课\01基础思想篇\数学专栏课外加餐（二） 位操作的三个应用实例\062数学专栏课外加餐（二） 位操作的三个应用实例.csproj", "{BF6E4201-7247-4AC2-A3D2-DD06D67B0B21}"
EndProject
Project("{FAE04EC0-301F-11D3-BF4B-00C04F79EFBC}") = "07 排列：如何让计算机学会“田忌赛马”？", "程序员的数学基础课\01基础思想篇\07 排列：如何让计算机学会“田忌赛马”？\07 排列：如何让计算机学会“田忌赛马”？.csproj", "{C5883FA4-AA2E-4333-BF86-ADB099B76D94}"
EndProject
Project("{FAE04EC0-301F-11D3-BF4B-00C04F79EFBC}") = "08组合：如何让计算机安排世界杯的赛程？", "程序员的数学基础课\01基础思想篇\08组合：如何让计算机安排世界杯的赛程？\08组合：如何让计算机安排世界杯的赛程？.csproj", "{A71CBFFD-F7FD-4F26-9136-ABDF97E97F0A}"
EndProject
Project("{FAE04EC0-301F-11D3-BF4B-00C04F79EFBC}") = "09动态规划（上）：如何实现基于编辑距离的查询推荐？", "程序员的数学基础课\01基础思想篇\09动态规划（上）：如何实现基于编辑距离的查询推荐？\09动态规划（上）：如何实现基于编辑距离的查询推荐？.csproj", "{FD3BFBBB-F8CD-45D4-A047-67F806D40AB4}"
EndProject
Project("{FAE04EC0-301F-11D3-BF4B-00C04F79EFBC}") = "10动态规划（下）：如何求得状态转移方程并进行编程实现？", "程序员的数学基础课\01基础思想篇\10动态规划（下）：如何求得状态转移方程并进行编程实现？\10动态规划（下）：如何求得状态转移方程并进行编程实现？.csproj", "{3A71A409-6ECF-402E-A29D-3A965E6E1906}"
EndProject
Project("{FAE04EC0-301F-11D3-BF4B-00C04F79EFBC}") = "11树的深度优先搜索（上）：如何才能高效率地查字典？", "程序员的数学基础课\01基础思想篇\11树的深度优先搜索（上）：如何才能高效率地查字典？\11树的深度优先搜索（上）：如何才能高效率地查字典？.csproj", "{A7907943-0383-4FFB-AF3E-23BCAF25D3A5}"
EndProject
Project("{FAE04EC0-301F-11D3-BF4B-00C04F79EFBC}") = "12树的深度优先搜索（下）：如何才能高效率地查字典？", "程序员的数学基础课\01基础思想篇\12树的深度优先搜索（下）：如何才能高效率地查字典？\12树的深度优先搜索（下）：如何才能高效率地查字典？.csproj", "{67822E77-235C-44DE-8229-CCDC54FA5AC3}"
EndProject
Project("{FAE04EC0-301F-11D3-BF4B-00C04F79EFBC}") = "13树的广度优先搜索（上）：人际关系的六度理论是真的吗？", "程序员的数学基础课\01基础思想篇\13树的广度优先搜索（上）：人际关系的六度理论是真的吗？\13树的广度优先搜索（上）：人际关系的六度理论是真的吗？.csproj", "{CC1E0964-A2FC-4EE1-8D97-5D5B84882BE9}"
EndProject
Project("{FAE04EC0-301F-11D3-BF4B-00C04F79EFBC}") = "14树的广度优先搜索（下）：为什么双向广度优先搜索的效率更高？", "程序员的数学基础课\01基础思想篇\14树的广度优先搜索（下）：为什么双向广度优先搜索的效率更高？\14树的广度优先搜索（下）：为什么双向广度优先搜索的效率更高？.csproj", "{D5117B99-4CE6-4AFD-A717-0F3A8F249C60}"
EndProject
Project("{FAE04EC0-301F-11D3-BF4B-00C04F79EFBC}") = "15从树到图：如何让计算机学会看地图？", "程序员的数学基础课\01基础思想篇\15从树到图：如何让计算机学会看地图？\15从树到图：如何让计算机学会看地图？.csproj", "{A80C5475-5305-4AFF-8B03-F5622F3BB9F2}"
EndProject
Project("{FAE04EC0-301F-11D3-BF4B-00C04F79EFBC}") = "16时间和空间复杂度（上）：优化性能是否只是“纸上谈兵”？", "程序员的数学基础课\01基础思想篇\16时间和空间复杂度（上）：优化性能是否只是“纸上谈兵”？\16时间和空间复杂度（上）：优化性能是否只是“纸上谈兵”？.csproj", "{D450CAE0-AA34-4F59-BDEA-4EBE5FD719A3}"
EndProject
Project("{FAE04EC0-301F-11D3-BF4B-00C04F79EFBC}") = "17时间和空间复杂度（下）：如何使用六个法则进行复杂度分析？", "程序员的数学基础课\01基础思想篇\17时间和空间复杂度（下）：如何使用六个法则进行复杂度分析？\17时间和空间复杂度（下）：如何使用六个法则进行复杂度分析？.csproj", "{A98577AB-46DE-4531-9FFB-68F65A18643C}"
EndProject
Project("{FAE04EC0-301F-11D3-BF4B-00C04F79EFBC}") = "180总结课：数据结构、编程语句和基础算法体现了哪些数学思想？", "程序员的数学基础课\01基础思想篇\18总结课：数据结构、编程语句和基础算法体现了哪些数学思想？\180总结课：数据结构、编程语句和基础算法体现了哪些数学思想？.csproj", "{FBAB0958-5F56-4D65-84B5-3ECBB1616AF4}"
EndProject
Project("{FAE04EC0-301F-11D3-BF4B-00C04F79EFBC}") = "181数学专栏课外加餐（三）：程序员需要读哪些数学书？", "程序员的数学基础课\01基础思想篇\181数学专栏课外加餐（三）：程序员需要读哪些数学书？\181数学专栏课外加餐（三）：程序员需要读哪些数学书？.csproj", "{6215F18F-CE9D-4139-AED8-562EC621974E}"
EndProject
Project("{FAE04EC0-301F-11D3-BF4B-00C04F79EFBC}") = "19概率和统计：编程为什么需要概率和统计？", "程序员的数学基础课\02概率统计篇\19概率和统计：编程为什么需要概率和统计？\19概率和统计：编程为什么需要概率和统计？.csproj", "{F98751A9-4833-4A1A-8E47-13ACAA35F9F7}"
EndProject
Project("{FAE04EC0-301F-11D3-BF4B-00C04F79EFBC}") = "20概率基础（上）：一篇文章帮你理解随机变量、概率分布和期望值", "程序员的数学基础课\02概率统计篇\20概率基础（上）：一篇文章帮你理解随机变量、概率分布和期望值\20概率基础（上）：一篇文章帮你理解随机变量、概率分布和期望值.csproj", "{EF452F4A-ADA5-4BB0-93D5-4A00A5DFD5F5}"
EndProject
Project("{FAE04EC0-301F-11D3-BF4B-00C04F79EFBC}") = "21概率基础（下）：联合概率、条件概率和贝叶斯法则，这些概率公式究竟能做什么？", "程序员的数学基础课\02概率统计篇\21概率基础（下）：联合概率、条件概率和贝叶斯法则，这些概率公式究竟能做什么？\21概率基础（下）：联合概率、条件概率和贝叶斯法则，这些概率公式究竟能做什么？.csproj", "{7B12C9D6-93F2-41C0-91F5-3B9809796A8E}"
EndProject
Project("{FAE04EC0-301F-11D3-BF4B-00C04F79EFBC}") = "22朴素贝叶斯：如何让计算机学会自动分类？", "程序员的数学基础课\02概率统计篇\22朴素贝叶斯：如何让计算机学会自动分类？\22朴素贝叶斯：如何让计算机学会自动分类？.csproj", "{E236077F-C886-4130-BB16-9C422C63F636}"
EndProject
Project("{FAE04EC0-301F-11D3-BF4B-00C04F79EFBC}") = "23文本分类：如何区分特定类型的新闻？", "程序员的数学基础课\02概率统计篇\23文本分类：如何区分特定类型的新闻？\23文本分类：如何区分特定类型的新闻？.csproj", "{02B3D7D2-2773-4397-9ACD-92A413E1AA73}"
EndProject
Project("{FAE04EC0-301F-11D3-BF4B-00C04F79EFBC}") = "24语言模型：如何使用链式法则和马尔科夫假设简化概率模型？", "程序员的数学基础课\02概率统计篇\24语言模型：如何使用链式法则和马尔科夫假设简化概率模型？\24语言模型：如何使用链式法则和马尔科夫假设简化概率模型？.csproj", "{8DA719D1-7A3A-43F0-A4DD-A2557F73A251}"
EndProject
Project("{FAE04EC0-301F-11D3-BF4B-00C04F79EFBC}") = "25马尔科夫模型：从PageRank到语音识别，背后是什么模型在支撑？", "程序员的数学基础课\02概率统计篇\25马尔科夫模型：从PageRank到语音识别，背后是什么模型在支撑？\25马尔科夫模型：从PageRank到语音识别，背后是什么模型在支撑？.csproj", "{222A7BD2-A3B4-495A-8ECC-595C743DC4B3}"
EndProject
Global
	GlobalSection(SolutionConfigurationPlatforms) = preSolution
		Debug|Any CPU = Debug|Any CPU
		Release|Any CPU = Release|Any CPU
	EndGlobalSection
	GlobalSection(ProjectConfigurationPlatforms) = postSolution
		{3898280E-4141-46A0-A2B1-A362DFF64E23}.Debug|Any CPU.ActiveCfg = Debug|Any CPU
		{3898280E-4141-46A0-A2B1-A362DFF64E23}.Debug|Any CPU.Build.0 = Debug|Any CPU
		{3898280E-4141-46A0-A2B1-A362DFF64E23}.Release|Any CPU.ActiveCfg = Release|Any CPU
		{3898280E-4141-46A0-A2B1-A362DFF64E23}.Release|Any CPU.Build.0 = Release|Any CPU
		{5740C914-FFA1-47D2-8AC7-DB816F0D27C6}.Debug|Any CPU.ActiveCfg = Debug|Any CPU
		{5740C914-FFA1-47D2-8AC7-DB816F0D27C6}.Debug|Any CPU.Build.0 = Debug|Any CPU
		{5740C914-FFA1-47D2-8AC7-DB816F0D27C6}.Release|Any CPU.ActiveCfg = Release|Any CPU
		{5740C914-FFA1-47D2-8AC7-DB816F0D27C6}.Release|Any CPU.Build.0 = Release|Any CPU
		{D2B0A741-6FBF-4761-B3E9-990C33710EC7}.Debug|Any CPU.ActiveCfg = Debug|Any CPU
		{D2B0A741-6FBF-4761-B3E9-990C33710EC7}.Debug|Any CPU.Build.0 = Debug|Any CPU
		{D2B0A741-6FBF-4761-B3E9-990C33710EC7}.Release|Any CPU.ActiveCfg = Release|Any CPU
		{D2B0A741-6FBF-4761-B3E9-990C33710EC7}.Release|Any CPU.Build.0 = Release|Any CPU
		{1663F009-73AA-4B9F-8CD7-68597AA0B04B}.Debug|Any CPU.ActiveCfg = Debug|Any CPU
		{1663F009-73AA-4B9F-8CD7-68597AA0B04B}.Debug|Any CPU.Build.0 = Debug|Any CPU
		{1663F009-73AA-4B9F-8CD7-68597AA0B04B}.Release|Any CPU.ActiveCfg = Release|Any CPU
		{1663F009-73AA-4B9F-8CD7-68597AA0B04B}.Release|Any CPU.Build.0 = Release|Any CPU
		{2060E5AD-25DB-475C-BD23-1CEB49A52960}.Debug|Any CPU.ActiveCfg = Debug|Any CPU
		{2060E5AD-25DB-475C-BD23-1CEB49A52960}.Debug|Any CPU.Build.0 = Debug|Any CPU
		{2060E5AD-25DB-475C-BD23-1CEB49A52960}.Release|Any CPU.ActiveCfg = Release|Any CPU
		{2060E5AD-25DB-475C-BD23-1CEB49A52960}.Release|Any CPU.Build.0 = Release|Any CPU
		{893F6FB5-3B3B-4BF6-93D4-130A6CED4A06}.Debug|Any CPU.ActiveCfg = Debug|Any CPU
		{893F6FB5-3B3B-4BF6-93D4-130A6CED4A06}.Debug|Any CPU.Build.0 = Debug|Any CPU
		{893F6FB5-3B3B-4BF6-93D4-130A6CED4A06}.Release|Any CPU.ActiveCfg = Release|Any CPU
		{893F6FB5-3B3B-4BF6-93D4-130A6CED4A06}.Release|Any CPU.Build.0 = Release|Any CPU
		{8A27BAE4-DC8A-43EE-A27F-45BC15CF64FE}.Debug|Any CPU.ActiveCfg = Debug|Any CPU
		{8A27BAE4-DC8A-43EE-A27F-45BC15CF64FE}.Debug|Any CPU.Build.0 = Debug|Any CPU
		{8A27BAE4-DC8A-43EE-A27F-45BC15CF64FE}.Release|Any CPU.ActiveCfg = Release|Any CPU
		{8A27BAE4-DC8A-43EE-A27F-45BC15CF64FE}.Release|Any CPU.Build.0 = Release|Any CPU
		{42A1C0B1-C0F4-4669-87FE-CFFA8F54D906}.Debug|Any CPU.ActiveCfg = Debug|Any CPU
		{42A1C0B1-C0F4-4669-87FE-CFFA8F54D906}.Debug|Any CPU.Build.0 = Debug|Any CPU
		{42A1C0B1-C0F4-4669-87FE-CFFA8F54D906}.Release|Any CPU.ActiveCfg = Release|Any CPU
		{42A1C0B1-C0F4-4669-87FE-CFFA8F54D906}.Release|Any CPU.Build.0 = Release|Any CPU
		{01036468-6F44-4E5E-8F91-9432B325A88D}.Debug|Any CPU.ActiveCfg = Debug|Any CPU
		{01036468-6F44-4E5E-8F91-9432B325A88D}.Debug|Any CPU.Build.0 = Debug|Any CPU
		{01036468-6F44-4E5E-8F91-9432B325A88D}.Release|Any CPU.ActiveCfg = Release|Any CPU
		{01036468-6F44-4E5E-8F91-9432B325A88D}.Release|Any CPU.Build.0 = Release|Any CPU
		{34B4F08F-AA64-4522-B9D0-7E32D9EF6590}.Debug|Any CPU.ActiveCfg = Debug|Any CPU
		{34B4F08F-AA64-4522-B9D0-7E32D9EF6590}.Debug|Any CPU.Build.0 = Debug|Any CPU
		{34B4F08F-AA64-4522-B9D0-7E32D9EF6590}.Release|Any CPU.ActiveCfg = Release|Any CPU
		{34B4F08F-AA64-4522-B9D0-7E32D9EF6590}.Release|Any CPU.Build.0 = Release|Any CPU
		{4D0C4852-CB84-451F-A25A-538CC24416C6}.Debug|Any CPU.ActiveCfg = Debug|Any CPU
		{4D0C4852-CB84-451F-A25A-538CC24416C6}.Debug|Any CPU.Build.0 = Debug|Any CPU
		{4D0C4852-CB84-451F-A25A-538CC24416C6}.Release|Any CPU.ActiveCfg = Release|Any CPU
		{4D0C4852-CB84-451F-A25A-538CC24416C6}.Release|Any CPU.Build.0 = Release|Any CPU
		{2FDBF186-C565-44EF-8BF0-1F0C603F918E}.Debug|Any CPU.ActiveCfg = Debug|Any CPU
		{2FDBF186-C565-44EF-8BF0-1F0C603F918E}.Debug|Any CPU.Build.0 = Debug|Any CPU
		{2FDBF186-C565-44EF-8BF0-1F0C603F918E}.Release|Any CPU.ActiveCfg = Release|Any CPU
		{2FDBF186-C565-44EF-8BF0-1F0C603F918E}.Release|Any CPU.Build.0 = Release|Any CPU
		{30114B97-0F65-4D55-B215-A274CE2E602F}.Debug|Any CPU.ActiveCfg = Debug|Any CPU
		{30114B97-0F65-4D55-B215-A274CE2E602F}.Debug|Any CPU.Build.0 = Debug|Any CPU
		{30114B97-0F65-4D55-B215-A274CE2E602F}.Release|Any CPU.ActiveCfg = Release|Any CPU
		{30114B97-0F65-4D55-B215-A274CE2E602F}.Release|Any CPU.Build.0 = Release|Any CPU
		{B217272F-EF71-4D56-8957-393E66F742F9}.Debug|Any CPU.ActiveCfg = Debug|Any CPU
		{B217272F-EF71-4D56-8957-393E66F742F9}.Debug|Any CPU.Build.0 = Debug|Any CPU
		{B217272F-EF71-4D56-8957-393E66F742F9}.Release|Any CPU.ActiveCfg = Release|Any CPU
		{B217272F-EF71-4D56-8957-393E66F742F9}.Release|Any CPU.Build.0 = Release|Any CPU
		{A36A9D80-D286-4F84-A2C1-6319B038EADC}.Debug|Any CPU.ActiveCfg = Debug|Any CPU
		{A36A9D80-D286-4F84-A2C1-6319B038EADC}.Debug|Any CPU.Build.0 = Debug|Any CPU
		{A36A9D80-D286-4F84-A2C1-6319B038EADC}.Release|Any CPU.ActiveCfg = Release|Any CPU
		{A36A9D80-D286-4F84-A2C1-6319B038EADC}.Release|Any CPU.Build.0 = Release|Any CPU
		{2446224F-5DC9-4C67-9780-97F20596EB62}.Debug|Any CPU.ActiveCfg = Debug|Any CPU
		{2446224F-5DC9-4C67-9780-97F20596EB62}.Debug|Any CPU.Build.0 = Debug|Any CPU
		{2446224F-5DC9-4C67-9780-97F20596EB62}.Release|Any CPU.ActiveCfg = Release|Any CPU
		{2446224F-5DC9-4C67-9780-97F20596EB62}.Release|Any CPU.Build.0 = Release|Any CPU
		{866D174A-0EBE-41A5-BF30-9EA0A9D5B9B4}.Debug|Any CPU.ActiveCfg = Debug|Any CPU
		{866D174A-0EBE-41A5-BF30-9EA0A9D5B9B4}.Debug|Any CPU.Build.0 = Debug|Any CPU
		{866D174A-0EBE-41A5-BF30-9EA0A9D5B9B4}.Release|Any CPU.ActiveCfg = Release|Any CPU
		{866D174A-0EBE-41A5-BF30-9EA0A9D5B9B4}.Release|Any CPU.Build.0 = Release|Any CPU
		{A53253B4-82F6-42AD-902F-38C028BBFCB9}.Debug|Any CPU.ActiveCfg = Debug|Any CPU
		{A53253B4-82F6-42AD-902F-38C028BBFCB9}.Debug|Any CPU.Build.0 = Debug|Any CPU
		{A53253B4-82F6-42AD-902F-38C028BBFCB9}.Release|Any CPU.ActiveCfg = Release|Any CPU
		{A53253B4-82F6-42AD-902F-38C028BBFCB9}.Release|Any CPU.Build.0 = Release|Any CPU
		{C6266626-6DF2-4B76-AEA1-922D1AB55C71}.Debug|Any CPU.ActiveCfg = Debug|Any CPU
		{C6266626-6DF2-4B76-AEA1-922D1AB55C71}.Debug|Any CPU.Build.0 = Debug|Any CPU
		{C6266626-6DF2-4B76-AEA1-922D1AB55C71}.Release|Any CPU.ActiveCfg = Release|Any CPU
		{C6266626-6DF2-4B76-AEA1-922D1AB55C71}.Release|Any CPU.Build.0 = Release|Any CPU
		{D8F8D13B-99D2-4AA5-AD67-05CF38DC3C5E}.Debug|Any CPU.ActiveCfg = Debug|Any CPU
		{D8F8D13B-99D2-4AA5-AD67-05CF38DC3C5E}.Debug|Any CPU.Build.0 = Debug|Any CPU
		{D8F8D13B-99D2-4AA5-AD67-05CF38DC3C5E}.Release|Any CPU.ActiveCfg = Release|Any CPU
		{D8F8D13B-99D2-4AA5-AD67-05CF38DC3C5E}.Release|Any CPU.Build.0 = Release|Any CPU
		{F68E8D0B-5FEE-4666-8142-3D26B99C9EB4}.Debug|Any CPU.ActiveCfg = Debug|Any CPU
		{F68E8D0B-5FEE-4666-8142-3D26B99C9EB4}.Debug|Any CPU.Build.0 = Debug|Any CPU
		{F68E8D0B-5FEE-4666-8142-3D26B99C9EB4}.Release|Any CPU.ActiveCfg = Release|Any CPU
		{F68E8D0B-5FEE-4666-8142-3D26B99C9EB4}.Release|Any CPU.Build.0 = Release|Any CPU
		{7D59145A-125A-470D-9AFD-94344E50658C}.Debug|Any CPU.ActiveCfg = Debug|Any CPU
		{7D59145A-125A-470D-9AFD-94344E50658C}.Debug|Any CPU.Build.0 = Debug|Any CPU
		{7D59145A-125A-470D-9AFD-94344E50658C}.Release|Any CPU.ActiveCfg = Release|Any CPU
		{7D59145A-125A-470D-9AFD-94344E50658C}.Release|Any CPU.Build.0 = Release|Any CPU
		{E0F7E8CB-3D7E-41D1-AF0F-26B9F6C19EC9}.Debug|Any CPU.ActiveCfg = Debug|Any CPU
		{E0F7E8CB-3D7E-41D1-AF0F-26B9F6C19EC9}.Debug|Any CPU.Build.0 = Debug|Any CPU
		{E0F7E8CB-3D7E-41D1-AF0F-26B9F6C19EC9}.Release|Any CPU.ActiveCfg = Release|Any CPU
		{E0F7E8CB-3D7E-41D1-AF0F-26B9F6C19EC9}.Release|Any CPU.Build.0 = Release|Any CPU
		{862DED5F-EF02-4790-9090-0A45261B18F7}.Debug|Any CPU.ActiveCfg = Debug|Any CPU
		{862DED5F-EF02-4790-9090-0A45261B18F7}.Debug|Any CPU.Build.0 = Debug|Any CPU
		{862DED5F-EF02-4790-9090-0A45261B18F7}.Release|Any CPU.ActiveCfg = Release|Any CPU
		{862DED5F-EF02-4790-9090-0A45261B18F7}.Release|Any CPU.Build.0 = Release|Any CPU
		{7CD34E1A-2413-481A-9436-B2C24B71D0A5}.Debug|Any CPU.ActiveCfg = Debug|Any CPU
		{7CD34E1A-2413-481A-9436-B2C24B71D0A5}.Debug|Any CPU.Build.0 = Debug|Any CPU
		{7CD34E1A-2413-481A-9436-B2C24B71D0A5}.Release|Any CPU.ActiveCfg = Release|Any CPU
		{7CD34E1A-2413-481A-9436-B2C24B71D0A5}.Release|Any CPU.Build.0 = Release|Any CPU
		{7305CB35-C968-43C3-974A-FBA9D27018D7}.Debug|Any CPU.ActiveCfg = Debug|Any CPU
		{7305CB35-C968-43C3-974A-FBA9D27018D7}.Debug|Any CPU.Build.0 = Debug|Any CPU
		{7305CB35-C968-43C3-974A-FBA9D27018D7}.Release|Any CPU.ActiveCfg = Release|Any CPU
		{7305CB35-C968-43C3-974A-FBA9D27018D7}.Release|Any CPU.Build.0 = Release|Any CPU
		{AEA71ED3-1268-4EC9-AF85-FAB9764328AF}.Debug|Any CPU.ActiveCfg = Debug|Any CPU
		{AEA71ED3-1268-4EC9-AF85-FAB9764328AF}.Debug|Any CPU.Build.0 = Debug|Any CPU
		{AEA71ED3-1268-4EC9-AF85-FAB9764328AF}.Release|Any CPU.ActiveCfg = Release|Any CPU
		{AEA71ED3-1268-4EC9-AF85-FAB9764328AF}.Release|Any CPU.Build.0 = Release|Any CPU
		{88B8D793-B20C-4175-96CA-4839867EC547}.Debug|Any CPU.ActiveCfg = Debug|Any CPU
		{88B8D793-B20C-4175-96CA-4839867EC547}.Debug|Any CPU.Build.0 = Debug|Any CPU
		{88B8D793-B20C-4175-96CA-4839867EC547}.Release|Any CPU.ActiveCfg = Release|Any CPU
		{88B8D793-B20C-4175-96CA-4839867EC547}.Release|Any CPU.Build.0 = Release|Any CPU
		{F38206D7-2B05-4DBC-8C91-D99E9D30CEEB}.Debug|Any CPU.ActiveCfg = Debug|Any CPU
		{F38206D7-2B05-4DBC-8C91-D99E9D30CEEB}.Debug|Any CPU.Build.0 = Debug|Any CPU
		{F38206D7-2B05-4DBC-8C91-D99E9D30CEEB}.Release|Any CPU.ActiveCfg = Release|Any CPU
		{F38206D7-2B05-4DBC-8C91-D99E9D30CEEB}.Release|Any CPU.Build.0 = Release|Any CPU
		{F13112AA-B0B8-4BD4-81A7-3F07DECFA139}.Debug|Any CPU.ActiveCfg = Debug|Any CPU
		{F13112AA-B0B8-4BD4-81A7-3F07DECFA139}.Debug|Any CPU.Build.0 = Debug|Any CPU
		{F13112AA-B0B8-4BD4-81A7-3F07DECFA139}.Release|Any CPU.ActiveCfg = Release|Any CPU
		{F13112AA-B0B8-4BD4-81A7-3F07DECFA139}.Release|Any CPU.Build.0 = Release|Any CPU
		{EEB2DE9A-A7DA-45F2-9FE7-9D94EBA2D44F}.Debug|Any CPU.ActiveCfg = Debug|Any CPU
		{EEB2DE9A-A7DA-45F2-9FE7-9D94EBA2D44F}.Debug|Any CPU.Build.0 = Debug|Any CPU
		{EEB2DE9A-A7DA-45F2-9FE7-9D94EBA2D44F}.Release|Any CPU.ActiveCfg = Release|Any CPU
		{EEB2DE9A-A7DA-45F2-9FE7-9D94EBA2D44F}.Release|Any CPU.Build.0 = Release|Any CPU
		{D357B1A2-17AB-4804-B68F-D6A6E4C8D2B0}.Debug|Any CPU.ActiveCfg = Debug|Any CPU
		{D357B1A2-17AB-4804-B68F-D6A6E4C8D2B0}.Debug|Any CPU.Build.0 = Debug|Any CPU
		{D357B1A2-17AB-4804-B68F-D6A6E4C8D2B0}.Release|Any CPU.ActiveCfg = Release|Any CPU
		{D357B1A2-17AB-4804-B68F-D6A6E4C8D2B0}.Release|Any CPU.Build.0 = Release|Any CPU
		{AB8EFCB5-EDDB-4AA8-A080-3304BFCE92EB}.Debug|Any CPU.ActiveCfg = Debug|Any CPU
		{AB8EFCB5-EDDB-4AA8-A080-3304BFCE92EB}.Debug|Any CPU.Build.0 = Debug|Any CPU
		{AB8EFCB5-EDDB-4AA8-A080-3304BFCE92EB}.Release|Any CPU.ActiveCfg = Release|Any CPU
		{AB8EFCB5-EDDB-4AA8-A080-3304BFCE92EB}.Release|Any CPU.Build.0 = Release|Any CPU
		{DDE25EE7-2C68-4F11-884D-6FEE9AFADA81}.Debug|Any CPU.ActiveCfg = Debug|Any CPU
		{DDE25EE7-2C68-4F11-884D-6FEE9AFADA81}.Debug|Any CPU.Build.0 = Debug|Any CPU
		{DDE25EE7-2C68-4F11-884D-6FEE9AFADA81}.Release|Any CPU.ActiveCfg = Release|Any CPU
		{DDE25EE7-2C68-4F11-884D-6FEE9AFADA81}.Release|Any CPU.Build.0 = Release|Any CPU
		{E2661DE8-15CF-4D7D-B0BA-2C2C3BB66D8E}.Debug|Any CPU.ActiveCfg = Debug|Any CPU
		{E2661DE8-15CF-4D7D-B0BA-2C2C3BB66D8E}.Debug|Any CPU.Build.0 = Debug|Any CPU
		{E2661DE8-15CF-4D7D-B0BA-2C2C3BB66D8E}.Release|Any CPU.ActiveCfg = Release|Any CPU
		{E2661DE8-15CF-4D7D-B0BA-2C2C3BB66D8E}.Release|Any CPU.Build.0 = Release|Any CPU
		{9E096E79-F8BD-46BA-A5AE-1526E5AB90C9}.Debug|Any CPU.ActiveCfg = Debug|Any CPU
		{9E096E79-F8BD-46BA-A5AE-1526E5AB90C9}.Debug|Any CPU.Build.0 = Debug|Any CPU
		{9E096E79-F8BD-46BA-A5AE-1526E5AB90C9}.Release|Any CPU.ActiveCfg = Release|Any CPU
		{9E096E79-F8BD-46BA-A5AE-1526E5AB90C9}.Release|Any CPU.Build.0 = Release|Any CPU
		{A3EFF10E-BDC8-432F-B8D7-373EBB0F1B98}.Debug|Any CPU.ActiveCfg = Debug|Any CPU
		{A3EFF10E-BDC8-432F-B8D7-373EBB0F1B98}.Debug|Any CPU.Build.0 = Debug|Any CPU
		{A3EFF10E-BDC8-432F-B8D7-373EBB0F1B98}.Release|Any CPU.ActiveCfg = Release|Any CPU
		{A3EFF10E-BDC8-432F-B8D7-373EBB0F1B98}.Release|Any CPU.Build.0 = Release|Any CPU
		{FA410C35-7637-4CFE-97D9-925CB9843EF6}.Debug|Any CPU.ActiveCfg = Debug|Any CPU
		{FA410C35-7637-4CFE-97D9-925CB9843EF6}.Debug|Any CPU.Build.0 = Debug|Any CPU
		{FA410C35-7637-4CFE-97D9-925CB9843EF6}.Release|Any CPU.ActiveCfg = Release|Any CPU
		{FA410C35-7637-4CFE-97D9-925CB9843EF6}.Release|Any CPU.Build.0 = Release|Any CPU
		{F7F2687D-3852-4BB5-9A6D-5E89DB152B6F}.Debug|Any CPU.ActiveCfg = Debug|Any CPU
		{F7F2687D-3852-4BB5-9A6D-5E89DB152B6F}.Debug|Any CPU.Build.0 = Debug|Any CPU
		{F7F2687D-3852-4BB5-9A6D-5E89DB152B6F}.Release|Any CPU.ActiveCfg = Release|Any CPU
		{F7F2687D-3852-4BB5-9A6D-5E89DB152B6F}.Release|Any CPU.Build.0 = Release|Any CPU
		{6C307F8A-F332-4655-929B-461335CCA4FC}.Debug|Any CPU.ActiveCfg = Debug|Any CPU
		{6C307F8A-F332-4655-929B-461335CCA4FC}.Debug|Any CPU.Build.0 = Debug|Any CPU
		{6C307F8A-F332-4655-929B-461335CCA4FC}.Release|Any CPU.ActiveCfg = Release|Any CPU
		{6C307F8A-F332-4655-929B-461335CCA4FC}.Release|Any CPU.Build.0 = Release|Any CPU
		{439BB11D-3A2E-4CA8-B4D9-92DC07D65277}.Debug|Any CPU.ActiveCfg = Debug|Any CPU
		{439BB11D-3A2E-4CA8-B4D9-92DC07D65277}.Debug|Any CPU.Build.0 = Debug|Any CPU
		{439BB11D-3A2E-4CA8-B4D9-92DC07D65277}.Release|Any CPU.ActiveCfg = Release|Any CPU
		{439BB11D-3A2E-4CA8-B4D9-92DC07D65277}.Release|Any CPU.Build.0 = Release|Any CPU
		{6B5344EC-B9B8-4B61-B8CA-0FE3DA793B95}.Debug|Any CPU.ActiveCfg = Debug|Any CPU
		{6B5344EC-B9B8-4B61-B8CA-0FE3DA793B95}.Debug|Any CPU.Build.0 = Debug|Any CPU
		{6B5344EC-B9B8-4B61-B8CA-0FE3DA793B95}.Release|Any CPU.ActiveCfg = Release|Any CPU
		{6B5344EC-B9B8-4B61-B8CA-0FE3DA793B95}.Release|Any CPU.Build.0 = Release|Any CPU
		{5B2CBD6C-03CC-4608-A870-C38B77DC33D1}.Debug|Any CPU.ActiveCfg = Debug|Any CPU
		{5B2CBD6C-03CC-4608-A870-C38B77DC33D1}.Debug|Any CPU.Build.0 = Debug|Any CPU
		{5B2CBD6C-03CC-4608-A870-C38B77DC33D1}.Release|Any CPU.ActiveCfg = Release|Any CPU
		{5B2CBD6C-03CC-4608-A870-C38B77DC33D1}.Release|Any CPU.Build.0 = Release|Any CPU
		{95E0FD3D-324C-4F39-AD6C-823B6C1A553B}.Debug|Any CPU.ActiveCfg = Debug|Any CPU
		{95E0FD3D-324C-4F39-AD6C-823B6C1A553B}.Debug|Any CPU.Build.0 = Debug|Any CPU
		{95E0FD3D-324C-4F39-AD6C-823B6C1A553B}.Release|Any CPU.ActiveCfg = Release|Any CPU
		{95E0FD3D-324C-4F39-AD6C-823B6C1A553B}.Release|Any CPU.Build.0 = Release|Any CPU
		{DFDB5F0A-96E1-4EF6-869B-8E9522D60DE1}.Debug|Any CPU.ActiveCfg = Debug|Any CPU
		{DFDB5F0A-96E1-4EF6-869B-8E9522D60DE1}.Debug|Any CPU.Build.0 = Debug|Any CPU
		{DFDB5F0A-96E1-4EF6-869B-8E9522D60DE1}.Release|Any CPU.ActiveCfg = Release|Any CPU
		{DFDB5F0A-96E1-4EF6-869B-8E9522D60DE1}.Release|Any CPU.Build.0 = Release|Any CPU
		{CB587497-4748-4026-BEA3-7C479219FE74}.Debug|Any CPU.ActiveCfg = Debug|Any CPU
		{CB587497-4748-4026-BEA3-7C479219FE74}.Debug|Any CPU.Build.0 = Debug|Any CPU
		{CB587497-4748-4026-BEA3-7C479219FE74}.Release|Any CPU.ActiveCfg = Release|Any CPU
		{CB587497-4748-4026-BEA3-7C479219FE74}.Release|Any CPU.Build.0 = Release|Any CPU
		{0CAC0024-53A6-47F4-8E02-BA7E849E7680}.Debug|Any CPU.ActiveCfg = Debug|Any CPU
		{0CAC0024-53A6-47F4-8E02-BA7E849E7680}.Debug|Any CPU.Build.0 = Debug|Any CPU
		{0CAC0024-53A6-47F4-8E02-BA7E849E7680}.Release|Any CPU.ActiveCfg = Release|Any CPU
		{0CAC0024-53A6-47F4-8E02-BA7E849E7680}.Release|Any CPU.Build.0 = Release|Any CPU
		{B10D6DE2-A73C-4E7E-82FE-598C08644045}.Debug|Any CPU.ActiveCfg = Debug|Any CPU
		{B10D6DE2-A73C-4E7E-82FE-598C08644045}.Debug|Any CPU.Build.0 = Debug|Any CPU
		{B10D6DE2-A73C-4E7E-82FE-598C08644045}.Release|Any CPU.ActiveCfg = Release|Any CPU
		{B10D6DE2-A73C-4E7E-82FE-598C08644045}.Release|Any CPU.Build.0 = Release|Any CPU
		{71AC2E41-DEF2-4978-8253-FB94EDF34DB2}.Debug|Any CPU.ActiveCfg = Debug|Any CPU
		{71AC2E41-DEF2-4978-8253-FB94EDF34DB2}.Debug|Any CPU.Build.0 = Debug|Any CPU
		{71AC2E41-DEF2-4978-8253-FB94EDF34DB2}.Release|Any CPU.ActiveCfg = Release|Any CPU
		{71AC2E41-DEF2-4978-8253-FB94EDF34DB2}.Release|Any CPU.Build.0 = Release|Any CPU
		{3AF65A6A-DE1F-4AFF-BC13-56C7BF54E7F3}.Debug|Any CPU.ActiveCfg = Debug|Any CPU
		{3AF65A6A-DE1F-4AFF-BC13-56C7BF54E7F3}.Debug|Any CPU.Build.0 = Debug|Any CPU
		{3AF65A6A-DE1F-4AFF-BC13-56C7BF54E7F3}.Release|Any CPU.ActiveCfg = Release|Any CPU
		{3AF65A6A-DE1F-4AFF-BC13-56C7BF54E7F3}.Release|Any CPU.Build.0 = Release|Any CPU
		{055A56AD-BAD0-4A03-A532-4CA9F07ED312}.Debug|Any CPU.ActiveCfg = Debug|Any CPU
		{055A56AD-BAD0-4A03-A532-4CA9F07ED312}.Debug|Any CPU.Build.0 = Debug|Any CPU
		{055A56AD-BAD0-4A03-A532-4CA9F07ED312}.Release|Any CPU.ActiveCfg = Release|Any CPU
		{055A56AD-BAD0-4A03-A532-4CA9F07ED312}.Release|Any CPU.Build.0 = Release|Any CPU
		{797337B9-5287-442E-AD51-5EDDCF69B3B8}.Debug|Any CPU.ActiveCfg = Debug|Any CPU
		{797337B9-5287-442E-AD51-5EDDCF69B3B8}.Debug|Any CPU.Build.0 = Debug|Any CPU
		{797337B9-5287-442E-AD51-5EDDCF69B3B8}.Release|Any CPU.ActiveCfg = Release|Any CPU
		{797337B9-5287-442E-AD51-5EDDCF69B3B8}.Release|Any CPU.Build.0 = Release|Any CPU
		{F50B0F84-8262-475E-98AC-50EB266C2014}.Debug|Any CPU.ActiveCfg = Debug|Any CPU
		{F50B0F84-8262-475E-98AC-50EB266C2014}.Debug|Any CPU.Build.0 = Debug|Any CPU
		{F50B0F84-8262-475E-98AC-50EB266C2014}.Release|Any CPU.ActiveCfg = Release|Any CPU
		{F50B0F84-8262-475E-98AC-50EB266C2014}.Release|Any CPU.Build.0 = Release|Any CPU
		{9A00EF2F-AD46-43CC-B4FE-6883FB65FBAF}.Debug|Any CPU.ActiveCfg = Debug|Any CPU
		{9A00EF2F-AD46-43CC-B4FE-6883FB65FBAF}.Debug|Any CPU.Build.0 = Debug|Any CPU
		{9A00EF2F-AD46-43CC-B4FE-6883FB65FBAF}.Release|Any CPU.ActiveCfg = Release|Any CPU
		{9A00EF2F-AD46-43CC-B4FE-6883FB65FBAF}.Release|Any CPU.Build.0 = Release|Any CPU
		{AC8E91FB-6813-411A-9A1C-7D3F2F724350}.Debug|Any CPU.ActiveCfg = Debug|Any CPU
		{AC8E91FB-6813-411A-9A1C-7D3F2F724350}.Debug|Any CPU.Build.0 = Debug|Any CPU
		{AC8E91FB-6813-411A-9A1C-7D3F2F724350}.Release|Any CPU.ActiveCfg = Release|Any CPU
		{AC8E91FB-6813-411A-9A1C-7D3F2F724350}.Release|Any CPU.Build.0 = Release|Any CPU
		{A0A88C63-F137-4602-A804-A3ACE0039F69}.Debug|Any CPU.ActiveCfg = Debug|Any CPU
		{A0A88C63-F137-4602-A804-A3ACE0039F69}.Debug|Any CPU.Build.0 = Debug|Any CPU
		{A0A88C63-F137-4602-A804-A3ACE0039F69}.Release|Any CPU.ActiveCfg = Release|Any CPU
		{A0A88C63-F137-4602-A804-A3ACE0039F69}.Release|Any CPU.Build.0 = Release|Any CPU
		{69117239-85FA-4A8B-9894-795235245E00}.Debug|Any CPU.ActiveCfg = Debug|Any CPU
		{69117239-85FA-4A8B-9894-795235245E00}.Debug|Any CPU.Build.0 = Debug|Any CPU
		{69117239-85FA-4A8B-9894-795235245E00}.Release|Any CPU.ActiveCfg = Release|Any CPU
		{69117239-85FA-4A8B-9894-795235245E00}.Release|Any CPU.Build.0 = Release|Any CPU
		{89710091-3ABF-4140-BC0D-C57DC840E7B1}.Debug|Any CPU.ActiveCfg = Debug|Any CPU
		{89710091-3ABF-4140-BC0D-C57DC840E7B1}.Debug|Any CPU.Build.0 = Debug|Any CPU
		{89710091-3ABF-4140-BC0D-C57DC840E7B1}.Release|Any CPU.ActiveCfg = Release|Any CPU
		{89710091-3ABF-4140-BC0D-C57DC840E7B1}.Release|Any CPU.Build.0 = Release|Any CPU
		{1F5A3D39-DA00-4FD8-9293-63F36A0D9904}.Debug|Any CPU.ActiveCfg = Debug|Any CPU
		{1F5A3D39-DA00-4FD8-9293-63F36A0D9904}.Debug|Any CPU.Build.0 = Debug|Any CPU
		{1F5A3D39-DA00-4FD8-9293-63F36A0D9904}.Release|Any CPU.ActiveCfg = Release|Any CPU
		{1F5A3D39-DA00-4FD8-9293-63F36A0D9904}.Release|Any CPU.Build.0 = Release|Any CPU
		{BF6E4201-7247-4AC2-A3D2-DD06D67B0B21}.Debug|Any CPU.ActiveCfg = Debug|Any CPU
		{BF6E4201-7247-4AC2-A3D2-DD06D67B0B21}.Debug|Any CPU.Build.0 = Debug|Any CPU
		{BF6E4201-7247-4AC2-A3D2-DD06D67B0B21}.Release|Any CPU.ActiveCfg = Release|Any CPU
		{BF6E4201-7247-4AC2-A3D2-DD06D67B0B21}.Release|Any CPU.Build.0 = Release|Any CPU
		{C5883FA4-AA2E-4333-BF86-ADB099B76D94}.Debug|Any CPU.ActiveCfg = Debug|Any CPU
		{C5883FA4-AA2E-4333-BF86-ADB099B76D94}.Debug|Any CPU.Build.0 = Debug|Any CPU
		{C5883FA4-AA2E-4333-BF86-ADB099B76D94}.Release|Any CPU.ActiveCfg = Release|Any CPU
		{C5883FA4-AA2E-4333-BF86-ADB099B76D94}.Release|Any CPU.Build.0 = Release|Any CPU
		{A71CBFFD-F7FD-4F26-9136-ABDF97E97F0A}.Debug|Any CPU.ActiveCfg = Debug|Any CPU
		{A71CBFFD-F7FD-4F26-9136-ABDF97E97F0A}.Debug|Any CPU.Build.0 = Debug|Any CPU
		{A71CBFFD-F7FD-4F26-9136-ABDF97E97F0A}.Release|Any CPU.ActiveCfg = Release|Any CPU
		{A71CBFFD-F7FD-4F26-9136-ABDF97E97F0A}.Release|Any CPU.Build.0 = Release|Any CPU
		{FD3BFBBB-F8CD-45D4-A047-67F806D40AB4}.Debug|Any CPU.ActiveCfg = Debug|Any CPU
		{FD3BFBBB-F8CD-45D4-A047-67F806D40AB4}.Debug|Any CPU.Build.0 = Debug|Any CPU
		{FD3BFBBB-F8CD-45D4-A047-67F806D40AB4}.Release|Any CPU.ActiveCfg = Release|Any CPU
		{FD3BFBBB-F8CD-45D4-A047-67F806D40AB4}.Release|Any CPU.Build.0 = Release|Any CPU
		{3A71A409-6ECF-402E-A29D-3A965E6E1906}.Debug|Any CPU.ActiveCfg = Debug|Any CPU
		{3A71A409-6ECF-402E-A29D-3A965E6E1906}.Debug|Any CPU.Build.0 = Debug|Any CPU
		{3A71A409-6ECF-402E-A29D-3A965E6E1906}.Release|Any CPU.ActiveCfg = Release|Any CPU
		{3A71A409-6ECF-402E-A29D-3A965E6E1906}.Release|Any CPU.Build.0 = Release|Any CPU
		{A7907943-0383-4FFB-AF3E-23BCAF25D3A5}.Debug|Any CPU.ActiveCfg = Debug|Any CPU
		{A7907943-0383-4FFB-AF3E-23BCAF25D3A5}.Debug|Any CPU.Build.0 = Debug|Any CPU
		{A7907943-0383-4FFB-AF3E-23BCAF25D3A5}.Release|Any CPU.ActiveCfg = Release|Any CPU
		{A7907943-0383-4FFB-AF3E-23BCAF25D3A5}.Release|Any CPU.Build.0 = Release|Any CPU
		{67822E77-235C-44DE-8229-CCDC54FA5AC3}.Debug|Any CPU.ActiveCfg = Debug|Any CPU
		{67822E77-235C-44DE-8229-CCDC54FA5AC3}.Debug|Any CPU.Build.0 = Debug|Any CPU
		{67822E77-235C-44DE-8229-CCDC54FA5AC3}.Release|Any CPU.ActiveCfg = Release|Any CPU
		{67822E77-235C-44DE-8229-CCDC54FA5AC3}.Release|Any CPU.Build.0 = Release|Any CPU
		{CC1E0964-A2FC-4EE1-8D97-5D5B84882BE9}.Debug|Any CPU.ActiveCfg = Debug|Any CPU
		{CC1E0964-A2FC-4EE1-8D97-5D5B84882BE9}.Debug|Any CPU.Build.0 = Debug|Any CPU
		{CC1E0964-A2FC-4EE1-8D97-5D5B84882BE9}.Release|Any CPU.ActiveCfg = Release|Any CPU
		{CC1E0964-A2FC-4EE1-8D97-5D5B84882BE9}.Release|Any CPU.Build.0 = Release|Any CPU
		{D5117B99-4CE6-4AFD-A717-0F3A8F249C60}.Debug|Any CPU.ActiveCfg = Debug|Any CPU
		{D5117B99-4CE6-4AFD-A717-0F3A8F249C60}.Debug|Any CPU.Build.0 = Debug|Any CPU
		{D5117B99-4CE6-4AFD-A717-0F3A8F249C60}.Release|Any CPU.ActiveCfg = Release|Any CPU
		{D5117B99-4CE6-4AFD-A717-0F3A8F249C60}.Release|Any CPU.Build.0 = Release|Any CPU
		{A80C5475-5305-4AFF-8B03-F5622F3BB9F2}.Debug|Any CPU.ActiveCfg = Debug|Any CPU
		{A80C5475-5305-4AFF-8B03-F5622F3BB9F2}.Debug|Any CPU.Build.0 = Debug|Any CPU
		{A80C5475-5305-4AFF-8B03-F5622F3BB9F2}.Release|Any CPU.ActiveCfg = Release|Any CPU
		{A80C5475-5305-4AFF-8B03-F5622F3BB9F2}.Release|Any CPU.Build.0 = Release|Any CPU
		{D450CAE0-AA34-4F59-BDEA-4EBE5FD719A3}.Debug|Any CPU.ActiveCfg = Debug|Any CPU
		{D450CAE0-AA34-4F59-BDEA-4EBE5FD719A3}.Debug|Any CPU.Build.0 = Debug|Any CPU
		{D450CAE0-AA34-4F59-BDEA-4EBE5FD719A3}.Release|Any CPU.ActiveCfg = Release|Any CPU
		{D450CAE0-AA34-4F59-BDEA-4EBE5FD719A3}.Release|Any CPU.Build.0 = Release|Any CPU
		{A98577AB-46DE-4531-9FFB-68F65A18643C}.Debug|Any CPU.ActiveCfg = Debug|Any CPU
		{A98577AB-46DE-4531-9FFB-68F65A18643C}.Debug|Any CPU.Build.0 = Debug|Any CPU
		{A98577AB-46DE-4531-9FFB-68F65A18643C}.Release|Any CPU.ActiveCfg = Release|Any CPU
		{A98577AB-46DE-4531-9FFB-68F65A18643C}.Release|Any CPU.Build.0 = Release|Any CPU
		{FBAB0958-5F56-4D65-84B5-3ECBB1616AF4}.Debug|Any CPU.ActiveCfg = Debug|Any CPU
		{FBAB0958-5F56-4D65-84B5-3ECBB1616AF4}.Debug|Any CPU.Build.0 = Debug|Any CPU
		{FBAB0958-5F56-4D65-84B5-3ECBB1616AF4}.Release|Any CPU.ActiveCfg = Release|Any CPU
		{FBAB0958-5F56-4D65-84B5-3ECBB1616AF4}.Release|Any CPU.Build.0 = Release|Any CPU
		{6215F18F-CE9D-4139-AED8-562EC621974E}.Debug|Any CPU.ActiveCfg = Debug|Any CPU
		{6215F18F-CE9D-4139-AED8-562EC621974E}.Debug|Any CPU.Build.0 = Debug|Any CPU
		{6215F18F-CE9D-4139-AED8-562EC621974E}.Release|Any CPU.ActiveCfg = Release|Any CPU
		{6215F18F-CE9D-4139-AED8-562EC621974E}.Release|Any CPU.Build.0 = Release|Any CPU
		{F98751A9-4833-4A1A-8E47-13ACAA35F9F7}.Debug|Any CPU.ActiveCfg = Debug|Any CPU
		{F98751A9-4833-4A1A-8E47-13ACAA35F9F7}.Debug|Any CPU.Build.0 = Debug|Any CPU
		{F98751A9-4833-4A1A-8E47-13ACAA35F9F7}.Release|Any CPU.ActiveCfg = Release|Any CPU
		{F98751A9-4833-4A1A-8E47-13ACAA35F9F7}.Release|Any CPU.Build.0 = Release|Any CPU
		{EF452F4A-ADA5-4BB0-93D5-4A00A5DFD5F5}.Debug|Any CPU.ActiveCfg = Debug|Any CPU
		{EF452F4A-ADA5-4BB0-93D5-4A00A5DFD5F5}.Debug|Any CPU.Build.0 = Debug|Any CPU
		{EF452F4A-ADA5-4BB0-93D5-4A00A5DFD5F5}.Release|Any CPU.ActiveCfg = Release|Any CPU
		{EF452F4A-ADA5-4BB0-93D5-4A00A5DFD5F5}.Release|Any CPU.Build.0 = Release|Any CPU
		{7B12C9D6-93F2-41C0-91F5-3B9809796A8E}.Debug|Any CPU.ActiveCfg = Debug|Any CPU
		{7B12C9D6-93F2-41C0-91F5-3B9809796A8E}.Debug|Any CPU.Build.0 = Debug|Any CPU
		{7B12C9D6-93F2-41C0-91F5-3B9809796A8E}.Release|Any CPU.ActiveCfg = Release|Any CPU
		{7B12C9D6-93F2-41C0-91F5-3B9809796A8E}.Release|Any CPU.Build.0 = Release|Any CPU
		{E236077F-C886-4130-BB16-9C422C63F636}.Debug|Any CPU.ActiveCfg = Debug|Any CPU
		{E236077F-C886-4130-BB16-9C422C63F636}.Debug|Any CPU.Build.0 = Debug|Any CPU
		{E236077F-C886-4130-BB16-9C422C63F636}.Release|Any CPU.ActiveCfg = Release|Any CPU
		{E236077F-C886-4130-BB16-9C422C63F636}.Release|Any CPU.Build.0 = Release|Any CPU
		{02B3D7D2-2773-4397-9ACD-92A413E1AA73}.Debug|Any CPU.ActiveCfg = Debug|Any CPU
		{02B3D7D2-2773-4397-9ACD-92A413E1AA73}.Debug|Any CPU.Build.0 = Debug|Any CPU
		{02B3D7D2-2773-4397-9ACD-92A413E1AA73}.Release|Any CPU.ActiveCfg = Release|Any CPU
		{02B3D7D2-2773-4397-9ACD-92A413E1AA73}.Release|Any CPU.Build.0 = Release|Any CPU
		{8DA719D1-7A3A-43F0-A4DD-A2557F73A251}.Debug|Any CPU.ActiveCfg = Debug|Any CPU
		{8DA719D1-7A3A-43F0-A4DD-A2557F73A251}.Debug|Any CPU.Build.0 = Debug|Any CPU
		{8DA719D1-7A3A-43F0-A4DD-A2557F73A251}.Release|Any CPU.ActiveCfg = Release|Any CPU
		{8DA719D1-7A3A-43F0-A4DD-A2557F73A251}.Release|Any CPU.Build.0 = Release|Any CPU
		{222A7BD2-A3B4-495A-8ECC-595C743DC4B3}.Debug|Any CPU.ActiveCfg = Debug|Any CPU
		{222A7BD2-A3B4-495A-8ECC-595C743DC4B3}.Debug|Any CPU.Build.0 = Debug|Any CPU
		{222A7BD2-A3B4-495A-8ECC-595C743DC4B3}.Release|Any CPU.ActiveCfg = Release|Any CPU
		{222A7BD2-A3B4-495A-8ECC-595C743DC4B3}.Release|Any CPU.Build.0 = Release|Any CPU
	EndGlobalSection
	GlobalSection(SolutionProperties) = preSolution
		HideSolutionNode = FALSE
	EndGlobalSection
	GlobalSection(NestedProjects) = preSolution
		{3898280E-4141-46A0-A2B1-A362DFF64E23} = {21C58525-54E4-4590-8CD0-847A1DB0B923}
		{5740C914-FFA1-47D2-8AC7-DB816F0D27C6} = {56F7F601-D4BA-4802-A755-39DC3D603C06}
		{D2B0A741-6FBF-4761-B3E9-990C33710EC7} = {7EF573E1-94A9-4D63-942C-6A34D998183B}
		{1663F009-73AA-4B9F-8CD7-68597AA0B04B} = {5BAE8AB4-2FF9-44E9-B772-B9BBAB7392F7}
		{891DC9F0-06EA-4D8F-A3C2-CF1F01A9874F} = {1DF6DF6D-1F50-4BC3-90FB-6C198BEB22CD}
		{6CACC481-4884-41B0-9076-8CE9B986EA40} = {1DF6DF6D-1F50-4BC3-90FB-6C198BEB22CD}
		{B6471896-646E-4E11-97FE-5917AB06547F} = {1DF6DF6D-1F50-4BC3-90FB-6C198BEB22CD}
		{2060E5AD-25DB-475C-BD23-1CEB49A52960} = {891DC9F0-06EA-4D8F-A3C2-CF1F01A9874F}
		{893F6FB5-3B3B-4BF6-93D4-130A6CED4A06} = {891DC9F0-06EA-4D8F-A3C2-CF1F01A9874F}
		{8A27BAE4-DC8A-43EE-A27F-45BC15CF64FE} = {891DC9F0-06EA-4D8F-A3C2-CF1F01A9874F}
		{42A1C0B1-C0F4-4669-87FE-CFFA8F54D906} = {891DC9F0-06EA-4D8F-A3C2-CF1F01A9874F}
		{01036468-6F44-4E5E-8F91-9432B325A88D} = {6CACC481-4884-41B0-9076-8CE9B986EA40}
		{34B4F08F-AA64-4522-B9D0-7E32D9EF6590} = {6CACC481-4884-41B0-9076-8CE9B986EA40}
		{4D0C4852-CB84-451F-A25A-538CC24416C6} = {6CACC481-4884-41B0-9076-8CE9B986EA40}
		{2FDBF186-C565-44EF-8BF0-1F0C603F918E} = {6CACC481-4884-41B0-9076-8CE9B986EA40}
		{30114B97-0F65-4D55-B215-A274CE2E602F} = {6CACC481-4884-41B0-9076-8CE9B986EA40}
		{B217272F-EF71-4D56-8957-393E66F742F9} = {6CACC481-4884-41B0-9076-8CE9B986EA40}
		{A36A9D80-D286-4F84-A2C1-6319B038EADC} = {6CACC481-4884-41B0-9076-8CE9B986EA40}
		{2446224F-5DC9-4C67-9780-97F20596EB62} = {6CACC481-4884-41B0-9076-8CE9B986EA40}
		{866D174A-0EBE-41A5-BF30-9EA0A9D5B9B4} = {6CACC481-4884-41B0-9076-8CE9B986EA40}
		{A53253B4-82F6-42AD-902F-38C028BBFCB9} = {6CACC481-4884-41B0-9076-8CE9B986EA40}
		{C6266626-6DF2-4B76-AEA1-922D1AB55C71} = {6CACC481-4884-41B0-9076-8CE9B986EA40}
		{D8F8D13B-99D2-4AA5-AD67-05CF38DC3C5E} = {6CACC481-4884-41B0-9076-8CE9B986EA40}
		{F68E8D0B-5FEE-4666-8142-3D26B99C9EB4} = {6CACC481-4884-41B0-9076-8CE9B986EA40}
		{7D59145A-125A-470D-9AFD-94344E50658C} = {6CACC481-4884-41B0-9076-8CE9B986EA40}
		{E0F7E8CB-3D7E-41D1-AF0F-26B9F6C19EC9} = {6CACC481-4884-41B0-9076-8CE9B986EA40}
		{862DED5F-EF02-4790-9090-0A45261B18F7} = {6CACC481-4884-41B0-9076-8CE9B986EA40}
		{7CD34E1A-2413-481A-9436-B2C24B71D0A5} = {6CACC481-4884-41B0-9076-8CE9B986EA40}
		{7305CB35-C968-43C3-974A-FBA9D27018D7} = {6CACC481-4884-41B0-9076-8CE9B986EA40}
		{AEA71ED3-1268-4EC9-AF85-FAB9764328AF} = {6CACC481-4884-41B0-9076-8CE9B986EA40}
		{88B8D793-B20C-4175-96CA-4839867EC547} = {6CACC481-4884-41B0-9076-8CE9B986EA40}
		{F38206D7-2B05-4DBC-8C91-D99E9D30CEEB} = {6CACC481-4884-41B0-9076-8CE9B986EA40}
		{F13112AA-B0B8-4BD4-81A7-3F07DECFA139} = {6CACC481-4884-41B0-9076-8CE9B986EA40}
		{EEB2DE9A-A7DA-45F2-9FE7-9D94EBA2D44F} = {6CACC481-4884-41B0-9076-8CE9B986EA40}
		{D357B1A2-17AB-4804-B68F-D6A6E4C8D2B0} = {6CACC481-4884-41B0-9076-8CE9B986EA40}
		{AB8EFCB5-EDDB-4AA8-A080-3304BFCE92EB} = {6CACC481-4884-41B0-9076-8CE9B986EA40}
		{DDE25EE7-2C68-4F11-884D-6FEE9AFADA81} = {6CACC481-4884-41B0-9076-8CE9B986EA40}
		{A315193B-AFFC-46B6-B262-02E84D6DFA7E} = {1DF6DF6D-1F50-4BC3-90FB-6C198BEB22CD}
		{E2661DE8-15CF-4D7D-B0BA-2C2C3BB66D8E} = {B6471896-646E-4E11-97FE-5917AB06547F}
		{9E096E79-F8BD-46BA-A5AE-1526E5AB90C9} = {B6471896-646E-4E11-97FE-5917AB06547F}
		{A3EFF10E-BDC8-432F-B8D7-373EBB0F1B98} = {B6471896-646E-4E11-97FE-5917AB06547F}
		{FA410C35-7637-4CFE-97D9-925CB9843EF6} = {B6471896-646E-4E11-97FE-5917AB06547F}
		{F7F2687D-3852-4BB5-9A6D-5E89DB152B6F} = {B6471896-646E-4E11-97FE-5917AB06547F}
		{6C307F8A-F332-4655-929B-461335CCA4FC} = {B6471896-646E-4E11-97FE-5917AB06547F}
		{439BB11D-3A2E-4CA8-B4D9-92DC07D65277} = {B6471896-646E-4E11-97FE-5917AB06547F}
		{6B5344EC-B9B8-4B61-B8CA-0FE3DA793B95} = {B6471896-646E-4E11-97FE-5917AB06547F}
		{5B2CBD6C-03CC-4608-A870-C38B77DC33D1} = {B6471896-646E-4E11-97FE-5917AB06547F}
		{95E0FD3D-324C-4F39-AD6C-823B6C1A553B} = {B6471896-646E-4E11-97FE-5917AB06547F}
		{DFDB5F0A-96E1-4EF6-869B-8E9522D60DE1} = {A315193B-AFFC-46B6-B262-02E84D6DFA7E}
		{CB587497-4748-4026-BEA3-7C479219FE74} = {A315193B-AFFC-46B6-B262-02E84D6DFA7E}
		{0CAC0024-53A6-47F4-8E02-BA7E849E7680} = {A315193B-AFFC-46B6-B262-02E84D6DFA7E}
		{B10D6DE2-A73C-4E7E-82FE-598C08644045} = {A315193B-AFFC-46B6-B262-02E84D6DFA7E}
		{71AC2E41-DEF2-4978-8253-FB94EDF34DB2} = {A315193B-AFFC-46B6-B262-02E84D6DFA7E}
		{3AF65A6A-DE1F-4AFF-BC13-56C7BF54E7F3} = {891DC9F0-06EA-4D8F-A3C2-CF1F01A9874F}
		{55B7EE61-0749-4F2C-96CD-CA4F99C91629} = {8CFD75C5-0E54-45CE-B6B8-F67B23ABD17D}
		{692972C4-B665-4370-99F3-E7C404D72A19} = {8CFD75C5-0E54-45CE-B6B8-F67B23ABD17D}
		{142FC10E-0097-4CE6-8B53-893381D3E9E8} = {8CFD75C5-0E54-45CE-B6B8-F67B23ABD17D}
		{485D180C-031A-488D-A4ED-35A5BCC82330} = {8CFD75C5-0E54-45CE-B6B8-F67B23ABD17D}
		{055A56AD-BAD0-4A03-A532-4CA9F07ED312} = {55B7EE61-0749-4F2C-96CD-CA4F99C91629}
		{797337B9-5287-442E-AD51-5EDDCF69B3B8} = {55B7EE61-0749-4F2C-96CD-CA4F99C91629}
		{F50B0F84-8262-475E-98AC-50EB266C2014} = {55B7EE61-0749-4F2C-96CD-CA4F99C91629}
		{9A00EF2F-AD46-43CC-B4FE-6883FB65FBAF} = {55B7EE61-0749-4F2C-96CD-CA4F99C91629}
		{AC8E91FB-6813-411A-9A1C-7D3F2F724350} = {55B7EE61-0749-4F2C-96CD-CA4F99C91629}
		{A0A88C63-F137-4602-A804-A3ACE0039F69} = {55B7EE61-0749-4F2C-96CD-CA4F99C91629}
		{69117239-85FA-4A8B-9894-795235245E00} = {55B7EE61-0749-4F2C-96CD-CA4F99C91629}
		{89710091-3ABF-4140-BC0D-C57DC840E7B1} = {55B7EE61-0749-4F2C-96CD-CA4F99C91629}
		{1F5A3D39-DA00-4FD8-9293-63F36A0D9904} = {55B7EE61-0749-4F2C-96CD-CA4F99C91629}
		{BF6E4201-7247-4AC2-A3D2-DD06D67B0B21} = {55B7EE61-0749-4F2C-96CD-CA4F99C91629}
		{C5883FA4-AA2E-4333-BF86-ADB099B76D94} = {55B7EE61-0749-4F2C-96CD-CA4F99C91629}
		{A71CBFFD-F7FD-4F26-9136-ABDF97E97F0A} = {55B7EE61-0749-4F2C-96CD-CA4F99C91629}
		{FD3BFBBB-F8CD-45D4-A047-67F806D40AB4} = {55B7EE61-0749-4F2C-96CD-CA4F99C91629}
		{3A71A409-6ECF-402E-A29D-3A965E6E1906} = {55B7EE61-0749-4F2C-96CD-CA4F99C91629}
		{A7907943-0383-4FFB-AF3E-23BCAF25D3A5} = {55B7EE61-0749-4F2C-96CD-CA4F99C91629}
		{67822E77-235C-44DE-8229-CCDC54FA5AC3} = {55B7EE61-0749-4F2C-96CD-CA4F99C91629}
		{CC1E0964-A2FC-4EE1-8D97-5D5B84882BE9} = {55B7EE61-0749-4F2C-96CD-CA4F99C91629}
		{D5117B99-4CE6-4AFD-A717-0F3A8F249C60} = {55B7EE61-0749-4F2C-96CD-CA4F99C91629}
		{A80C5475-5305-4AFF-8B03-F5622F3BB9F2} = {55B7EE61-0749-4F2C-96CD-CA4F99C91629}
		{D450CAE0-AA34-4F59-BDEA-4EBE5FD719A3} = {55B7EE61-0749-4F2C-96CD-CA4F99C91629}
		{A98577AB-46DE-4531-9FFB-68F65A18643C} = {55B7EE61-0749-4F2C-96CD-CA4F99C91629}
		{FBAB0958-5F56-4D65-84B5-3ECBB1616AF4} = {55B7EE61-0749-4F2C-96CD-CA4F99C91629}
		{6215F18F-CE9D-4139-AED8-562EC621974E} = {55B7EE61-0749-4F2C-96CD-CA4F99C91629}
		{F98751A9-4833-4A1A-8E47-13ACAA35F9F7} = {692972C4-B665-4370-99F3-E7C404D72A19}
		{EF452F4A-ADA5-4BB0-93D5-4A00A5DFD5F5} = {692972C4-B665-4370-99F3-E7C404D72A19}
		{7B12C9D6-93F2-41C0-91F5-3B9809796A8E} = {692972C4-B665-4370-99F3-E7C404D72A19}
		{E236077F-C886-4130-BB16-9C422C63F636} = {692972C4-B665-4370-99F3-E7C404D72A19}
		{02B3D7D2-2773-4397-9ACD-92A413E1AA73} = {692972C4-B665-4370-99F3-E7C404D72A19}
		{8DA719D1-7A3A-43F0-A4DD-A2557F73A251} = {692972C4-B665-4370-99F3-E7C404D72A19}
		{222A7BD2-A3B4-495A-8ECC-595C743DC4B3} = {692972C4-B665-4370-99F3-E7C404D72A19}
	EndGlobalSection
	GlobalSection(ExtensibilityGlobals) = postSolution
		SolutionGuid = {BBFC21AD-E3AA-4B6B-B521-525911F40456}
	EndGlobalSection
EndGlobal
